// !$*UTF8*$!
{
	archiveVersion = 1;
	classes = {
	};
	objectVersion = 46;
	objects = {

/* Begin PBXBuildFile section */
		03B219411F25E285009F7B41 /* MovieSession.swift in Sources */ = {isa = PBXBuildFile; fileRef = 03B219401F25E285009F7B41 /* MovieSession.swift */; };
		03B219431F25E3D8009F7B41 /* Cinema.swift in Sources */ = {isa = PBXBuildFile; fileRef = 03B219421F25E3D8009F7B41 /* Cinema.swift */; };
		03B219451F25E4FF009F7B41 /* Ticket.swift in Sources */ = {isa = PBXBuildFile; fileRef = 03B219441F25E4FF009F7B41 /* Ticket.swift */; };
		03F0737F1F26C4DC00BD9713 /* HomeViewController.swift in Sources */ = {isa = PBXBuildFile; fileRef = 03F0737E1F26C4DC00BD9713 /* HomeViewController.swift */; };
		03F073821F26C9BC00BD9713 /* Temp.m in Sources */ = {isa = PBXBuildFile; fileRef = 03F073811F26C9BC00BD9713 /* Temp.m */; };
		1F10EC7E1F35381C00283B8C /* BookingDetailsVC.swift in Sources */ = {isa = PBXBuildFile; fileRef = 1F10EC7D1F35381C00283B8C /* BookingDetailsVC.swift */; };
		1F10EC801F3538A700283B8C /* CheckoutVC.swift in Sources */ = {isa = PBXBuildFile; fileRef = 1F10EC7F1F3538A700283B8C /* CheckoutVC.swift */; };
		1F10EC821F35393500283B8C /* OrderSummaryVC.swift in Sources */ = {isa = PBXBuildFile; fileRef = 1F10EC811F35393500283B8C /* OrderSummaryVC.swift */; };
		1F129BD51F2AE2BF00C6FFA7 /* MovieCollectionViewCell.swift in Sources */ = {isa = PBXBuildFile; fileRef = 1F129BD41F2AE2BF00C6FFA7 /* MovieCollectionViewCell.swift */; };
		1F2CD87D1F2495CC0034D472 /* AppDelegate.swift in Sources */ = {isa = PBXBuildFile; fileRef = 1F2CD87C1F2495CC0034D472 /* AppDelegate.swift */; };
		1F2CD87F1F2495CC0034D472 /* FirstViewController.swift in Sources */ = {isa = PBXBuildFile; fileRef = 1F2CD87E1F2495CC0034D472 /* FirstViewController.swift */; };
		1F2CD8811F2495CC0034D472 /* MoviesTabViewController.swift in Sources */ = {isa = PBXBuildFile; fileRef = 1F2CD8801F2495CC0034D472 /* MoviesTabViewController.swift */; };
		1F2CD8841F2495CC0034D472 /* Main.storyboard in Resources */ = {isa = PBXBuildFile; fileRef = 1F2CD8821F2495CC0034D472 /* Main.storyboard */; };
		1F2CD8861F2495CC0034D472 /* Assets.xcassets in Resources */ = {isa = PBXBuildFile; fileRef = 1F2CD8851F2495CC0034D472 /* Assets.xcassets */; };
		1F2CD8891F2495CC0034D472 /* LaunchScreen.storyboard in Resources */ = {isa = PBXBuildFile; fileRef = 1F2CD8871F2495CC0034D472 /* LaunchScreen.storyboard */; };
		1F2CD8941F2495CC0034D472 /* cinegoTests.swift in Sources */ = {isa = PBXBuildFile; fileRef = 1F2CD8931F2495CC0034D472 /* cinegoTests.swift */; };
		1F2CD89F1F2495CC0034D472 /* cinegoUITests.swift in Sources */ = {isa = PBXBuildFile; fileRef = 1F2CD89E1F2495CC0034D472 /* cinegoUITests.swift */; };
		1F346F901F37199500554AAE /* MovieAdditionalDetailsTableVC.swift in Sources */ = {isa = PBXBuildFile; fileRef = 1F346F8F1F37199500554AAE /* MovieAdditionalDetailsTableVC.swift */; };
		1F3510CE1F3174C5003AE4B5 /* CinemaListTableVC.swift in Sources */ = {isa = PBXBuildFile; fileRef = 1F3510CD1F3174C5003AE4B5 /* CinemaListTableVC.swift */; };
		1F3510D01F31791C003AE4B5 /* CinemaInformationVC.swift in Sources */ = {isa = PBXBuildFile; fileRef = 1F3510CF1F31791C003AE4B5 /* CinemaInformationVC.swift */; };
		1F3DC9AE1F34CDC1008C4313 /* CartItem.swift in Sources */ = {isa = PBXBuildFile; fileRef = 1F3DC9AD1F34CDC1008C4313 /* CartItem.swift */; };
		1F3DC9B21F34CFEE008C4313 /* Booking.swift in Sources */ = {isa = PBXBuildFile; fileRef = 1F3DC9B11F34CFEE008C4313 /* Booking.swift */; };
		1F3DC9B41F34D0F3008C4313 /* User.swift in Sources */ = {isa = PBXBuildFile; fileRef = 1F3DC9B31F34D0F3008C4313 /* User.swift */; };
		1F3DC9B61F34D165008C4313 /* Order.swift in Sources */ = {isa = PBXBuildFile; fileRef = 1F3DC9B51F34D165008C4313 /* Order.swift */; };
		1F41BA461F34C7AE003CFF7B /* PriceBanner.swift in Sources */ = {isa = PBXBuildFile; fileRef = 1F41BA451F34C7AE003CFF7B /* PriceBanner.swift */; };
		1F4F8FD71F2C304E0001895A /* IMovieRepository.swift in Sources */ = {isa = PBXBuildFile; fileRef = 1F4F8FD61F2C304E0001895A /* IMovieRepository.swift */; };
		1F4F8FD91F2C31630001895A /* ICinemaRepository.swift in Sources */ = {isa = PBXBuildFile; fileRef = 1F4F8FD81F2C31630001895A /* ICinemaRepository.swift */; };
		1F4F8FDB1F2C32310001895A /* IMovieSessionRepository.swift in Sources */ = {isa = PBXBuildFile; fileRef = 1F4F8FDA1F2C32310001895A /* IMovieSessionRepository.swift */; };
		1F4F8FDD1F2C32DF0001895A /* ITicketRepository.swift in Sources */ = {isa = PBXBuildFile; fileRef = 1F4F8FDC1F2C32DF0001895A /* ITicketRepository.swift */; };
		1F4F8FE11F2C38000001895A /* CinemaCollectionViewCell.swift in Sources */ = {isa = PBXBuildFile; fileRef = 1F4F8FE01F2C38000001895A /* CinemaCollectionViewCell.swift */; };
		1F4F8FE31F2C55BA0001895A /* MovieRepository.swift in Sources */ = {isa = PBXBuildFile; fileRef = 1F4F8FE21F2C55BA0001895A /* MovieRepository.swift */; };
		1F5647031F2B1A5D004BB024 /* MovieDetailsViewController.swift in Sources */ = {isa = PBXBuildFile; fileRef = 1F5647021F2B1A5D004BB024 /* MovieDetailsViewController.swift */; };
		1F5647051F2B24F8004BB024 /* MovieSessionTableViewCell.swift in Sources */ = {isa = PBXBuildFile; fileRef = 1F5647041F2B24F8004BB024 /* MovieSessionTableViewCell.swift */; };
		1F5647091F2B38CA004BB024 /* CinemaDetailsVC.swift in Sources */ = {isa = PBXBuildFile; fileRef = 1F5647081F2B38CA004BB024 /* CinemaDetailsVC.swift */; };
		1F56470B1F2B4003004BB024 /* ImageSlider.swift in Sources */ = {isa = PBXBuildFile; fileRef = 1F56470A1F2B4003004BB024 /* ImageSlider.swift */; };
		1FCCC40E1F31CBA50050AA36 /* CinemaMoviesVC.swift in Sources */ = {isa = PBXBuildFile; fileRef = 1FCCC40D1F31CBA50050AA36 /* CinemaMoviesVC.swift */; };
		1FCCC4101F31F31E0050AA36 /* CartVC.swift in Sources */ = {isa = PBXBuildFile; fileRef = 1FCCC40F1F31F31E0050AA36 /* CartVC.swift */; };
		2E356E5B1F37D7CD00188A18 /* AccountTableVC.swift in Sources */ = {isa = PBXBuildFile; fileRef = 2E356E5A1F37D7CD00188A18 /* AccountTableVC.swift */; };
		2E3D2AC81F2E9EA8006CBB5D /* MoviesItemCollectionViewCell.swift in Sources */ = {isa = PBXBuildFile; fileRef = 2E3D2AC71F2E9EA8006CBB5D /* MoviesItemCollectionViewCell.swift */; };
		2EC77F691F2569A0003BAF20 /* Movie.swift in Sources */ = {isa = PBXBuildFile; fileRef = 2EC77F681F2569A0003BAF20 /* Movie.swift */; };
/* End PBXBuildFile section */

/* Begin PBXContainerItemProxy section */
		1F2CD8901F2495CC0034D472 /* PBXContainerItemProxy */ = {
			isa = PBXContainerItemProxy;
			containerPortal = 1F2CD8711F2495CC0034D472 /* Project object */;
			proxyType = 1;
			remoteGlobalIDString = 1F2CD8781F2495CC0034D472;
			remoteInfo = cinego;
		};
		1F2CD89B1F2495CC0034D472 /* PBXContainerItemProxy */ = {
			isa = PBXContainerItemProxy;
			containerPortal = 1F2CD8711F2495CC0034D472 /* Project object */;
			proxyType = 1;
			remoteGlobalIDString = 1F2CD8781F2495CC0034D472;
			remoteInfo = cinego;
		};
/* End PBXContainerItemProxy section */

/* Begin PBXFileReference section */
		03B219401F25E285009F7B41 /* MovieSession.swift */ = {isa = PBXFileReference; fileEncoding = 4; lastKnownFileType = sourcecode.swift; path = MovieSession.swift; sourceTree = "<group>"; };
		03B219421F25E3D8009F7B41 /* Cinema.swift */ = {isa = PBXFileReference; fileEncoding = 4; lastKnownFileType = sourcecode.swift; path = Cinema.swift; sourceTree = "<group>"; };
		03B219441F25E4FF009F7B41 /* Ticket.swift */ = {isa = PBXFileReference; fileEncoding = 4; lastKnownFileType = sourcecode.swift; path = Ticket.swift; sourceTree = "<group>"; };
		03F0737E1F26C4DC00BD9713 /* HomeViewController.swift */ = {isa = PBXFileReference; fileEncoding = 4; lastKnownFileType = sourcecode.swift; path = HomeViewController.swift; sourceTree = "<group>"; };
		03F073801F26C9BC00BD9713 /* Temp.h */ = {isa = PBXFileReference; fileEncoding = 4; lastKnownFileType = sourcecode.c.h; path = Temp.h; sourceTree = "<group>"; };
		03F073811F26C9BC00BD9713 /* Temp.m */ = {isa = PBXFileReference; fileEncoding = 4; lastKnownFileType = sourcecode.c.objc; path = Temp.m; sourceTree = "<group>"; };
		1F10EC7D1F35381C00283B8C /* BookingDetailsVC.swift */ = {isa = PBXFileReference; fileEncoding = 4; lastKnownFileType = sourcecode.swift; path = BookingDetailsVC.swift; sourceTree = "<group>"; };
		1F10EC7F1F3538A700283B8C /* CheckoutVC.swift */ = {isa = PBXFileReference; fileEncoding = 4; lastKnownFileType = sourcecode.swift; path = CheckoutVC.swift; sourceTree = "<group>"; };
		1F10EC811F35393500283B8C /* OrderSummaryVC.swift */ = {isa = PBXFileReference; fileEncoding = 4; lastKnownFileType = sourcecode.swift; path = OrderSummaryVC.swift; sourceTree = "<group>"; };
		1F129BD41F2AE2BF00C6FFA7 /* MovieCollectionViewCell.swift */ = {isa = PBXFileReference; fileEncoding = 4; lastKnownFileType = sourcecode.swift; path = MovieCollectionViewCell.swift; sourceTree = "<group>"; };
		1F2CD8791F2495CC0034D472 /* cinego.app */ = {isa = PBXFileReference; explicitFileType = wrapper.application; includeInIndex = 0; path = cinego.app; sourceTree = BUILT_PRODUCTS_DIR; };
		1F2CD87C1F2495CC0034D472 /* AppDelegate.swift */ = {isa = PBXFileReference; lastKnownFileType = sourcecode.swift; path = AppDelegate.swift; sourceTree = "<group>"; };
		1F2CD87E1F2495CC0034D472 /* FirstViewController.swift */ = {isa = PBXFileReference; lastKnownFileType = sourcecode.swift; path = FirstViewController.swift; sourceTree = "<group>"; };
		1F2CD8801F2495CC0034D472 /* MoviesTabViewController.swift */ = {isa = PBXFileReference; lastKnownFileType = sourcecode.swift; path = MoviesTabViewController.swift; sourceTree = "<group>"; };
		1F2CD8831F2495CC0034D472 /* Base */ = {isa = PBXFileReference; lastKnownFileType = file.storyboard; name = Base; path = Base.lproj/Main.storyboard; sourceTree = "<group>"; };
		1F2CD8851F2495CC0034D472 /* Assets.xcassets */ = {isa = PBXFileReference; lastKnownFileType = folder.assetcatalog; path = Assets.xcassets; sourceTree = "<group>"; };
		1F2CD8881F2495CC0034D472 /* Base */ = {isa = PBXFileReference; lastKnownFileType = file.storyboard; name = Base; path = Base.lproj/LaunchScreen.storyboard; sourceTree = "<group>"; };
		1F2CD88A1F2495CC0034D472 /* Info.plist */ = {isa = PBXFileReference; lastKnownFileType = text.plist.xml; path = Info.plist; sourceTree = "<group>"; };
		1F2CD88F1F2495CC0034D472 /* cinegoTests.xctest */ = {isa = PBXFileReference; explicitFileType = wrapper.cfbundle; includeInIndex = 0; path = cinegoTests.xctest; sourceTree = BUILT_PRODUCTS_DIR; };
		1F2CD8931F2495CC0034D472 /* cinegoTests.swift */ = {isa = PBXFileReference; lastKnownFileType = sourcecode.swift; path = cinegoTests.swift; sourceTree = "<group>"; };
		1F2CD8951F2495CC0034D472 /* Info.plist */ = {isa = PBXFileReference; lastKnownFileType = text.plist.xml; path = Info.plist; sourceTree = "<group>"; };
		1F2CD89A1F2495CC0034D472 /* cinegoUITests.xctest */ = {isa = PBXFileReference; explicitFileType = wrapper.cfbundle; includeInIndex = 0; path = cinegoUITests.xctest; sourceTree = BUILT_PRODUCTS_DIR; };
		1F2CD89E1F2495CC0034D472 /* cinegoUITests.swift */ = {isa = PBXFileReference; lastKnownFileType = sourcecode.swift; path = cinegoUITests.swift; sourceTree = "<group>"; };
		1F2CD8A01F2495CC0034D472 /* Info.plist */ = {isa = PBXFileReference; lastKnownFileType = text.plist.xml; path = Info.plist; sourceTree = "<group>"; };
		1F346F8F1F37199500554AAE /* MovieAdditionalDetailsTableVC.swift */ = {isa = PBXFileReference; fileEncoding = 4; lastKnownFileType = sourcecode.swift; path = MovieAdditionalDetailsTableVC.swift; sourceTree = "<group>"; };
		1F3510CD1F3174C5003AE4B5 /* CinemaListTableVC.swift */ = {isa = PBXFileReference; fileEncoding = 4; lastKnownFileType = sourcecode.swift; path = CinemaListTableVC.swift; sourceTree = "<group>"; };
		1F3510CF1F31791C003AE4B5 /* CinemaInformationVC.swift */ = {isa = PBXFileReference; fileEncoding = 4; lastKnownFileType = sourcecode.swift; path = CinemaInformationVC.swift; sourceTree = "<group>"; };
		1F3DC9AD1F34CDC1008C4313 /* CartItem.swift */ = {isa = PBXFileReference; fileEncoding = 4; lastKnownFileType = sourcecode.swift; path = CartItem.swift; sourceTree = "<group>"; };
		1F3DC9B11F34CFEE008C4313 /* Booking.swift */ = {isa = PBXFileReference; fileEncoding = 4; lastKnownFileType = sourcecode.swift; path = Booking.swift; sourceTree = "<group>"; };
		1F3DC9B31F34D0F3008C4313 /* User.swift */ = {isa = PBXFileReference; fileEncoding = 4; lastKnownFileType = sourcecode.swift; path = User.swift; sourceTree = "<group>"; };
		1F3DC9B51F34D165008C4313 /* Order.swift */ = {isa = PBXFileReference; fileEncoding = 4; lastKnownFileType = sourcecode.swift; path = Order.swift; sourceTree = "<group>"; };
		1F41BA451F34C7AE003CFF7B /* PriceBanner.swift */ = {isa = PBXFileReference; fileEncoding = 4; lastKnownFileType = sourcecode.swift; path = PriceBanner.swift; sourceTree = "<group>"; };
		1F4F8FD61F2C304E0001895A /* IMovieRepository.swift */ = {isa = PBXFileReference; fileEncoding = 4; lastKnownFileType = sourcecode.swift; path = IMovieRepository.swift; sourceTree = "<group>"; };
		1F4F8FD81F2C31630001895A /* ICinemaRepository.swift */ = {isa = PBXFileReference; fileEncoding = 4; lastKnownFileType = sourcecode.swift; path = ICinemaRepository.swift; sourceTree = "<group>"; };
		1F4F8FDA1F2C32310001895A /* IMovieSessionRepository.swift */ = {isa = PBXFileReference; fileEncoding = 4; lastKnownFileType = sourcecode.swift; path = IMovieSessionRepository.swift; sourceTree = "<group>"; };
		1F4F8FDC1F2C32DF0001895A /* ITicketRepository.swift */ = {isa = PBXFileReference; fileEncoding = 4; lastKnownFileType = sourcecode.swift; path = ITicketRepository.swift; sourceTree = "<group>"; };
		1F4F8FE01F2C38000001895A /* CinemaCollectionViewCell.swift */ = {isa = PBXFileReference; fileEncoding = 4; lastKnownFileType = sourcecode.swift; path = CinemaCollectionViewCell.swift; sourceTree = "<group>"; };
		1F4F8FE21F2C55BA0001895A /* MovieRepository.swift */ = {isa = PBXFileReference; fileEncoding = 4; lastKnownFileType = sourcecode.swift; path = MovieRepository.swift; sourceTree = "<group>"; };
		1F5647021F2B1A5D004BB024 /* MovieDetailsViewController.swift */ = {isa = PBXFileReference; fileEncoding = 4; lastKnownFileType = sourcecode.swift; path = MovieDetailsViewController.swift; sourceTree = "<group>"; };
		1F5647041F2B24F8004BB024 /* MovieSessionTableViewCell.swift */ = {isa = PBXFileReference; fileEncoding = 4; lastKnownFileType = sourcecode.swift; path = MovieSessionTableViewCell.swift; sourceTree = "<group>"; };
		1F5647081F2B38CA004BB024 /* CinemaDetailsVC.swift */ = {isa = PBXFileReference; fileEncoding = 4; lastKnownFileType = sourcecode.swift; path = CinemaDetailsVC.swift; sourceTree = "<group>"; };
		1F56470A1F2B4003004BB024 /* ImageSlider.swift */ = {isa = PBXFileReference; fileEncoding = 4; lastKnownFileType = sourcecode.swift; path = ImageSlider.swift; sourceTree = "<group>"; };
		1FCCC40D1F31CBA50050AA36 /* CinemaMoviesVC.swift */ = {isa = PBXFileReference; fileEncoding = 4; lastKnownFileType = sourcecode.swift; path = CinemaMoviesVC.swift; sourceTree = "<group>"; };
		1FCCC40F1F31F31E0050AA36 /* CartVC.swift */ = {isa = PBXFileReference; fileEncoding = 4; lastKnownFileType = sourcecode.swift; path = CartVC.swift; sourceTree = "<group>"; };
		2E356E5A1F37D7CD00188A18 /* AccountTableVC.swift */ = {isa = PBXFileReference; fileEncoding = 4; lastKnownFileType = sourcecode.swift; path = AccountTableVC.swift; sourceTree = "<group>"; };
		2E3D2AC71F2E9EA8006CBB5D /* MoviesItemCollectionViewCell.swift */ = {isa = PBXFileReference; fileEncoding = 4; lastKnownFileType = sourcecode.swift; path = MoviesItemCollectionViewCell.swift; sourceTree = "<group>"; };
		2EC77F681F2569A0003BAF20 /* Movie.swift */ = {isa = PBXFileReference; fileEncoding = 4; lastKnownFileType = sourcecode.swift; path = Movie.swift; sourceTree = "<group>"; };
/* End PBXFileReference section */

/* Begin PBXFrameworksBuildPhase section */
		1F2CD8761F2495CC0034D472 /* Frameworks */ = {
			isa = PBXFrameworksBuildPhase;
			buildActionMask = 2147483647;
			files = (
			);
			runOnlyForDeploymentPostprocessing = 0;
		};
		1F2CD88C1F2495CC0034D472 /* Frameworks */ = {
			isa = PBXFrameworksBuildPhase;
			buildActionMask = 2147483647;
			files = (
			);
			runOnlyForDeploymentPostprocessing = 0;
		};
		1F2CD8971F2495CC0034D472 /* Frameworks */ = {
			isa = PBXFrameworksBuildPhase;
			buildActionMask = 2147483647;
			files = (
			);
			runOnlyForDeploymentPostprocessing = 0;
		};
/* End PBXFrameworksBuildPhase section */

/* Begin PBXGroup section */
		03B219461F25E7E5009F7B41 /* Controllers */ = {
			isa = PBXGroup;
			children = (
				1F2CD87E1F2495CC0034D472 /* FirstViewController.swift */,
				1F2CD8801F2495CC0034D472 /* MoviesTabViewController.swift */,
				03F0737E1F26C4DC00BD9713 /* HomeViewController.swift */,
				1F5647021F2B1A5D004BB024 /* MovieDetailsViewController.swift */,
				1F5647081F2B38CA004BB024 /* CinemaDetailsVC.swift */,
				1F3510CD1F3174C5003AE4B5 /* CinemaListTableVC.swift */,
				1F3510CF1F31791C003AE4B5 /* CinemaInformationVC.swift */,
				1FCCC40D1F31CBA50050AA36 /* CinemaMoviesVC.swift */,
				1FCCC40F1F31F31E0050AA36 /* CartVC.swift */,
				1F10EC7D1F35381C00283B8C /* BookingDetailsVC.swift */,
				1F10EC7F1F3538A700283B8C /* CheckoutVC.swift */,
				1F10EC811F35393500283B8C /* OrderSummaryVC.swift */,
				1F346F8F1F37199500554AAE /* MovieAdditionalDetailsTableVC.swift */,
				2E356E5A1F37D7CD00188A18 /* AccountTableVC.swift */,
			);
			name = Controllers;
			sourceTree = "<group>";
		};
		03B219471F25E809009F7B41 /* Helpers */ = {
			isa = PBXGroup;
			children = (
			);
			name = Helpers;
			sourceTree = "<group>";
		};
		03B219481F25E8B8009F7B41 /* Repositories */ = {
			isa = PBXGroup;
			children = (
				1F4F8FD61F2C304E0001895A /* IMovieRepository.swift */,
				1F4F8FD81F2C31630001895A /* ICinemaRepository.swift */,
				1F4F8FDA1F2C32310001895A /* IMovieSessionRepository.swift */,
				1F4F8FDC1F2C32DF0001895A /* ITicketRepository.swift */,
				1F4F8FE21F2C55BA0001895A /* MovieRepository.swift */,
			);
			name = Repositories;
			sourceTree = "<group>";
		};
		1F129BD31F2AE27600C6FFA7 /* Views */ = {
			isa = PBXGroup;
			children = (
				1F129BD41F2AE2BF00C6FFA7 /* MovieCollectionViewCell.swift */,
				1F5647041F2B24F8004BB024 /* MovieSessionTableViewCell.swift */,
				1F56470A1F2B4003004BB024 /* ImageSlider.swift */,
				1F4F8FE01F2C38000001895A /* CinemaCollectionViewCell.swift */,
				2E3D2AC71F2E9EA8006CBB5D /* MoviesItemCollectionViewCell.swift */,
				1F41BA451F34C7AE003CFF7B /* PriceBanner.swift */,
			);
			name = Views;
			sourceTree = "<group>";
		};
		1F2CD8701F2495CC0034D472 = {
			isa = PBXGroup;
			children = (
				1F2CD87B1F2495CC0034D472 /* cinego */,
				1F2CD8921F2495CC0034D472 /* cinegoTests */,
				1F2CD89D1F2495CC0034D472 /* cinegoUITests */,
				1F2CD87A1F2495CC0034D472 /* Products */,
			);
			sourceTree = "<group>";
		};
		1F2CD87A1F2495CC0034D472 /* Products */ = {
			isa = PBXGroup;
			children = (
				1F2CD8791F2495CC0034D472 /* cinego.app */,
				1F2CD88F1F2495CC0034D472 /* cinegoTests.xctest */,
				1F2CD89A1F2495CC0034D472 /* cinegoUITests.xctest */,
			);
			name = Products;
			sourceTree = "<group>";
		};
		1F2CD87B1F2495CC0034D472 /* cinego */ = {
			isa = PBXGroup;
			children = (
				1F3DC9B71F34D257008C4313 /* Services */,
				1F129BD31F2AE27600C6FFA7 /* Views */,
				03B219481F25E8B8009F7B41 /* Repositories */,
				03B219471F25E809009F7B41 /* Helpers */,
				03B219461F25E7E5009F7B41 /* Controllers */,
				2EC77F671F256978003BAF20 /* Models */,
				1F2CD87C1F2495CC0034D472 /* AppDelegate.swift */,
				1F2CD8821F2495CC0034D472 /* Main.storyboard */,
				1F2CD8851F2495CC0034D472 /* Assets.xcassets */,
				1F2CD8871F2495CC0034D472 /* LaunchScreen.storyboard */,
				1F2CD88A1F2495CC0034D472 /* Info.plist */,
			);
			path = cinego;
			sourceTree = "<group>";
		};
		1F2CD8921F2495CC0034D472 /* cinegoTests */ = {
			isa = PBXGroup;
			children = (
				1F2CD8931F2495CC0034D472 /* cinegoTests.swift */,
				1F2CD8951F2495CC0034D472 /* Info.plist */,
			);
			path = cinegoTests;
			sourceTree = "<group>";
		};
		1F2CD89D1F2495CC0034D472 /* cinegoUITests */ = {
			isa = PBXGroup;
			children = (
				1F2CD89E1F2495CC0034D472 /* cinegoUITests.swift */,
				1F2CD8A01F2495CC0034D472 /* Info.plist */,
			);
			path = cinegoUITests;
			sourceTree = "<group>";
		};
		1F3DC9B71F34D257008C4313 /* Services */ = {
			isa = PBXGroup;
			children = (
			);
			name = Services;
			sourceTree = "<group>";
		};
		2EC77F671F256978003BAF20 /* Models */ = {
			isa = PBXGroup;
			children = (
				2EC77F681F2569A0003BAF20 /* Movie.swift */,
				03B219401F25E285009F7B41 /* MovieSession.swift */,
				03B219421F25E3D8009F7B41 /* Cinema.swift */,
				03B219441F25E4FF009F7B41 /* Ticket.swift */,
				03F073801F26C9BC00BD9713 /* Temp.h */,
				03F073811F26C9BC00BD9713 /* Temp.m */,
				1F3DC9AD1F34CDC1008C4313 /* CartItem.swift */,
				1F3DC9B11F34CFEE008C4313 /* Booking.swift */,
				1F3DC9B31F34D0F3008C4313 /* User.swift */,
				1F3DC9B51F34D165008C4313 /* Order.swift */,
			);
			name = Models;
			sourceTree = "<group>";
		};
/* End PBXGroup section */

/* Begin PBXNativeTarget section */
		1F2CD8781F2495CC0034D472 /* cinego */ = {
			isa = PBXNativeTarget;
			buildConfigurationList = 1F2CD8A31F2495CC0034D472 /* Build configuration list for PBXNativeTarget "cinego" */;
			buildPhases = (
				1F2CD8751F2495CC0034D472 /* Sources */,
				1F2CD8761F2495CC0034D472 /* Frameworks */,
				1F2CD8771F2495CC0034D472 /* Resources */,
			);
			buildRules = (
			);
			dependencies = (
			);
			name = cinego;
			productName = cinego;
			productReference = 1F2CD8791F2495CC0034D472 /* cinego.app */;
			productType = "com.apple.product-type.application";
		};
		1F2CD88E1F2495CC0034D472 /* cinegoTests */ = {
			isa = PBXNativeTarget;
			buildConfigurationList = 1F2CD8A61F2495CC0034D472 /* Build configuration list for PBXNativeTarget "cinegoTests" */;
			buildPhases = (
				1F2CD88B1F2495CC0034D472 /* Sources */,
				1F2CD88C1F2495CC0034D472 /* Frameworks */,
				1F2CD88D1F2495CC0034D472 /* Resources */,
			);
			buildRules = (
			);
			dependencies = (
				1F2CD8911F2495CC0034D472 /* PBXTargetDependency */,
			);
			name = cinegoTests;
			productName = cinegoTests;
			productReference = 1F2CD88F1F2495CC0034D472 /* cinegoTests.xctest */;
			productType = "com.apple.product-type.bundle.unit-test";
		};
		1F2CD8991F2495CC0034D472 /* cinegoUITests */ = {
			isa = PBXNativeTarget;
			buildConfigurationList = 1F2CD8A91F2495CC0034D472 /* Build configuration list for PBXNativeTarget "cinegoUITests" */;
			buildPhases = (
				1F2CD8961F2495CC0034D472 /* Sources */,
				1F2CD8971F2495CC0034D472 /* Frameworks */,
				1F2CD8981F2495CC0034D472 /* Resources */,
			);
			buildRules = (
			);
			dependencies = (
				1F2CD89C1F2495CC0034D472 /* PBXTargetDependency */,
			);
			name = cinegoUITests;
			productName = cinegoUITests;
			productReference = 1F2CD89A1F2495CC0034D472 /* cinegoUITests.xctest */;
			productType = "com.apple.product-type.bundle.ui-testing";
		};
/* End PBXNativeTarget section */

/* Begin PBXProject section */
		1F2CD8711F2495CC0034D472 /* Project object */ = {
			isa = PBXProject;
			attributes = {
				LastSwiftUpdateCheck = 0810;
				LastUpgradeCheck = 0830;
				ORGANIZATIONNAME = "ISE Superstars";
				TargetAttributes = {
					1F2CD8781F2495CC0034D472 = {
						CreatedOnToolsVersion = 8.1;
						LastSwiftMigration = 0820;
						ProvisioningStyle = Automatic;
					};
					1F2CD88E1F2495CC0034D472 = {
						CreatedOnToolsVersion = 8.1;
						ProvisioningStyle = Automatic;
						TestTargetID = 1F2CD8781F2495CC0034D472;
					};
					1F2CD8991F2495CC0034D472 = {
						CreatedOnToolsVersion = 8.1;
						ProvisioningStyle = Automatic;
						TestTargetID = 1F2CD8781F2495CC0034D472;
					};
				};
			};
			buildConfigurationList = 1F2CD8741F2495CC0034D472 /* Build configuration list for PBXProject "cinego" */;
			compatibilityVersion = "Xcode 3.2";
			developmentRegion = English;
			hasScannedForEncodings = 0;
			knownRegions = (
				en,
				Base,
			);
			mainGroup = 1F2CD8701F2495CC0034D472;
			productRefGroup = 1F2CD87A1F2495CC0034D472 /* Products */;
			projectDirPath = "";
			projectRoot = "";
			targets = (
				1F2CD8781F2495CC0034D472 /* cinego */,
				1F2CD88E1F2495CC0034D472 /* cinegoTests */,
				1F2CD8991F2495CC0034D472 /* cinegoUITests */,
			);
		};
/* End PBXProject section */

/* Begin PBXResourcesBuildPhase section */
		1F2CD8771F2495CC0034D472 /* Resources */ = {
			isa = PBXResourcesBuildPhase;
			buildActionMask = 2147483647;
			files = (
				1F2CD8891F2495CC0034D472 /* LaunchScreen.storyboard in Resources */,
				1F2CD8861F2495CC0034D472 /* Assets.xcassets in Resources */,
				1F2CD8841F2495CC0034D472 /* Main.storyboard in Resources */,
			);
			runOnlyForDeploymentPostprocessing = 0;
		};
		1F2CD88D1F2495CC0034D472 /* Resources */ = {
			isa = PBXResourcesBuildPhase;
			buildActionMask = 2147483647;
			files = (
			);
			runOnlyForDeploymentPostprocessing = 0;
		};
		1F2CD8981F2495CC0034D472 /* Resources */ = {
			isa = PBXResourcesBuildPhase;
			buildActionMask = 2147483647;
			files = (
			);
			runOnlyForDeploymentPostprocessing = 0;
		};
/* End PBXResourcesBuildPhase section */

/* Begin PBXSourcesBuildPhase section */
		1F2CD8751F2495CC0034D472 /* Sources */ = {
			isa = PBXSourcesBuildPhase;
			buildActionMask = 2147483647;
			files = (
				03B219431F25E3D8009F7B41 /* Cinema.swift in Sources */,
				2E3D2AC81F2E9EA8006CBB5D /* MoviesItemCollectionViewCell.swift in Sources */,
				1F2CD8811F2495CC0034D472 /* MoviesTabViewController.swift in Sources */,
				1FCCC4101F31F31E0050AA36 /* CartVC.swift in Sources */,
				1F3510CE1F3174C5003AE4B5 /* CinemaListTableVC.swift in Sources */,
				1FCCC40E1F31CBA50050AA36 /* CinemaMoviesVC.swift in Sources */,
				1F4F8FDD1F2C32DF0001895A /* ITicketRepository.swift in Sources */,
				1F2CD87D1F2495CC0034D472 /* AppDelegate.swift in Sources */,
				1F3DC9B41F34D0F3008C4313 /* User.swift in Sources */,
				03F0737F1F26C4DC00BD9713 /* HomeViewController.swift in Sources */,
				1F10EC7E1F35381C00283B8C /* BookingDetailsVC.swift in Sources */,
				1F3DC9B21F34CFEE008C4313 /* Booking.swift in Sources */,
				03F073821F26C9BC00BD9713 /* Temp.m in Sources */,
				1F3DC9B61F34D165008C4313 /* Order.swift in Sources */,
				1F5647031F2B1A5D004BB024 /* MovieDetailsViewController.swift in Sources */,
				03B219411F25E285009F7B41 /* MovieSession.swift in Sources */,
				2EC77F691F2569A0003BAF20 /* Movie.swift in Sources */,
				1F3DC9AE1F34CDC1008C4313 /* CartItem.swift in Sources */,
				1F41BA461F34C7AE003CFF7B /* PriceBanner.swift in Sources */,
				2E356E5B1F37D7CD00188A18 /* AccountTableVC.swift in Sources */,
				1F56470B1F2B4003004BB024 /* ImageSlider.swift in Sources */,
				1F4F8FE31F2C55BA0001895A /* MovieRepository.swift in Sources */,
				1F3510D01F31791C003AE4B5 /* CinemaInformationVC.swift in Sources */,
				1F4F8FD71F2C304E0001895A /* IMovieRepository.swift in Sources */,
				1F10EC821F35393500283B8C /* OrderSummaryVC.swift in Sources */,
				1F4F8FDB1F2C32310001895A /* IMovieSessionRepository.swift in Sources */,
				1F5647091F2B38CA004BB024 /* CinemaDetailsVC.swift in Sources */,
				1F129BD51F2AE2BF00C6FFA7 /* MovieCollectionViewCell.swift in Sources */,
				1F10EC801F3538A700283B8C /* CheckoutVC.swift in Sources */,
				1F4F8FD91F2C31630001895A /* ICinemaRepository.swift in Sources */,
				1F5647051F2B24F8004BB024 /* MovieSessionTableViewCell.swift in Sources */,
				1F346F901F37199500554AAE /* MovieAdditionalDetailsTableVC.swift in Sources */,
				1F4F8FE11F2C38000001895A /* CinemaCollectionViewCell.swift in Sources */,
				1F2CD87F1F2495CC0034D472 /* FirstViewController.swift in Sources */,
				03B219451F25E4FF009F7B41 /* Ticket.swift in Sources */,
			);
			runOnlyForDeploymentPostprocessing = 0;
		};
		1F2CD88B1F2495CC0034D472 /* Sources */ = {
			isa = PBXSourcesBuildPhase;
			buildActionMask = 2147483647;
			files = (
				1F2CD8941F2495CC0034D472 /* cinegoTests.swift in Sources */,
			);
			runOnlyForDeploymentPostprocessing = 0;
		};
		1F2CD8961F2495CC0034D472 /* Sources */ = {
			isa = PBXSourcesBuildPhase;
			buildActionMask = 2147483647;
			files = (
				1F2CD89F1F2495CC0034D472 /* cinegoUITests.swift in Sources */,
			);
			runOnlyForDeploymentPostprocessing = 0;
		};
/* End PBXSourcesBuildPhase section */

/* Begin PBXTargetDependency section */
		1F2CD8911F2495CC0034D472 /* PBXTargetDependency */ = {
			isa = PBXTargetDependency;
			target = 1F2CD8781F2495CC0034D472 /* cinego */;
			targetProxy = 1F2CD8901F2495CC0034D472 /* PBXContainerItemProxy */;
		};
		1F2CD89C1F2495CC0034D472 /* PBXTargetDependency */ = {
			isa = PBXTargetDependency;
			target = 1F2CD8781F2495CC0034D472 /* cinego */;
			targetProxy = 1F2CD89B1F2495CC0034D472 /* PBXContainerItemProxy */;
		};
/* End PBXTargetDependency section */

/* Begin PBXVariantGroup section */
		1F2CD8821F2495CC0034D472 /* Main.storyboard */ = {
			isa = PBXVariantGroup;
			children = (
				1F2CD8831F2495CC0034D472 /* Base */,
			);
			name = Main.storyboard;
			sourceTree = "<group>";
		};
		1F2CD8871F2495CC0034D472 /* LaunchScreen.storyboard */ = {
			isa = PBXVariantGroup;
			children = (
				1F2CD8881F2495CC0034D472 /* Base */,
			);
			name = LaunchScreen.storyboard;
			sourceTree = "<group>";
		};
/* End PBXVariantGroup section */

/* Begin XCBuildConfiguration section */
		1F2CD8A11F2495CC0034D472 /* Debug */ = {
			isa = XCBuildConfiguration;
			buildSettings = {
				ALWAYS_SEARCH_USER_PATHS = NO;
				CLANG_ANALYZER_NONNULL = YES;
				CLANG_CXX_LANGUAGE_STANDARD = "gnu++0x";
				CLANG_CXX_LIBRARY = "libc++";
				CLANG_ENABLE_MODULES = YES;
				CLANG_ENABLE_OBJC_ARC = YES;
				CLANG_WARN_BOOL_CONVERSION = YES;
				CLANG_WARN_CONSTANT_CONVERSION = YES;
				CLANG_WARN_DIRECT_OBJC_ISA_USAGE = YES_ERROR;
				CLANG_WARN_DOCUMENTATION_COMMENTS = YES;
				CLANG_WARN_EMPTY_BODY = YES;
				CLANG_WARN_ENUM_CONVERSION = YES;
				CLANG_WARN_INFINITE_RECURSION = YES;
				CLANG_WARN_INT_CONVERSION = YES;
				CLANG_WARN_OBJC_ROOT_CLASS = YES_ERROR;
				CLANG_WARN_SUSPICIOUS_MOVE = YES;
				CLANG_WARN_SUSPICIOUS_MOVES = YES;
				CLANG_WARN_UNREACHABLE_CODE = YES;
				CLANG_WARN__DUPLICATE_METHOD_MATCH = YES;
				"CODE_SIGN_IDENTITY[sdk=iphoneos*]" = "iPhone Developer";
				COPY_PHASE_STRIP = NO;
				DEBUG_INFORMATION_FORMAT = dwarf;
				ENABLE_STRICT_OBJC_MSGSEND = YES;
				ENABLE_TESTABILITY = YES;
				GCC_C_LANGUAGE_STANDARD = gnu99;
				GCC_DYNAMIC_NO_PIC = NO;
				GCC_NO_COMMON_BLOCKS = YES;
				GCC_OPTIMIZATION_LEVEL = 0;
				GCC_PREPROCESSOR_DEFINITIONS = (
					"DEBUG=1",
					"$(inherited)",
				);
				GCC_WARN_64_TO_32_BIT_CONVERSION = YES;
				GCC_WARN_ABOUT_RETURN_TYPE = YES_ERROR;
				GCC_WARN_UNDECLARED_SELECTOR = YES;
				GCC_WARN_UNINITIALIZED_AUTOS = YES_AGGRESSIVE;
				GCC_WARN_UNUSED_FUNCTION = YES;
				GCC_WARN_UNUSED_VARIABLE = YES;
				IPHONEOS_DEPLOYMENT_TARGET = 10.1;
				MTL_ENABLE_DEBUG_INFO = YES;
				ONLY_ACTIVE_ARCH = YES;
				SDKROOT = iphoneos;
				SWIFT_ACTIVE_COMPILATION_CONDITIONS = DEBUG;
				SWIFT_OPTIMIZATION_LEVEL = "-Onone";
			};
			name = Debug;
		};
		1F2CD8A21F2495CC0034D472 /* Release */ = {
			isa = XCBuildConfiguration;
			buildSettings = {
				ALWAYS_SEARCH_USER_PATHS = NO;
				CLANG_ANALYZER_NONNULL = YES;
				CLANG_CXX_LANGUAGE_STANDARD = "gnu++0x";
				CLANG_CXX_LIBRARY = "libc++";
				CLANG_ENABLE_MODULES = YES;
				CLANG_ENABLE_OBJC_ARC = YES;
				CLANG_WARN_BOOL_CONVERSION = YES;
				CLANG_WARN_CONSTANT_CONVERSION = YES;
				CLANG_WARN_DIRECT_OBJC_ISA_USAGE = YES_ERROR;
				CLANG_WARN_DOCUMENTATION_COMMENTS = YES;
				CLANG_WARN_EMPTY_BODY = YES;
				CLANG_WARN_ENUM_CONVERSION = YES;
				CLANG_WARN_INFINITE_RECURSION = YES;
				CLANG_WARN_INT_CONVERSION = YES;
				CLANG_WARN_OBJC_ROOT_CLASS = YES_ERROR;
				CLANG_WARN_SUSPICIOUS_MOVE = YES;
				CLANG_WARN_SUSPICIOUS_MOVES = YES;
				CLANG_WARN_UNREACHABLE_CODE = YES;
				CLANG_WARN__DUPLICATE_METHOD_MATCH = YES;
				"CODE_SIGN_IDENTITY[sdk=iphoneos*]" = "iPhone Developer";
				COPY_PHASE_STRIP = NO;
				DEBUG_INFORMATION_FORMAT = "dwarf-with-dsym";
				ENABLE_NS_ASSERTIONS = NO;
				ENABLE_STRICT_OBJC_MSGSEND = YES;
				GCC_C_LANGUAGE_STANDARD = gnu99;
				GCC_NO_COMMON_BLOCKS = YES;
				GCC_WARN_64_TO_32_BIT_CONVERSION = YES;
				GCC_WARN_ABOUT_RETURN_TYPE = YES_ERROR;
				GCC_WARN_UNDECLARED_SELECTOR = YES;
				GCC_WARN_UNINITIALIZED_AUTOS = YES_AGGRESSIVE;
				GCC_WARN_UNUSED_FUNCTION = YES;
				GCC_WARN_UNUSED_VARIABLE = YES;
				IPHONEOS_DEPLOYMENT_TARGET = 10.1;
				MTL_ENABLE_DEBUG_INFO = NO;
				SDKROOT = iphoneos;
				SWIFT_OPTIMIZATION_LEVEL = "-Owholemodule";
				VALIDATE_PRODUCT = YES;
			};
			name = Release;
		};
		1F2CD8A41F2495CC0034D472 /* Debug */ = {
			isa = XCBuildConfiguration;
			buildSettings = {
				ASSETCATALOG_COMPILER_APPICON_NAME = AppIcon;
				CLANG_ENABLE_MODULES = YES;
				INFOPLIST_FILE = cinego/Info.plist;
				LD_RUNPATH_SEARCH_PATHS = "$(inherited) @executable_path/Frameworks";
				PRODUCT_BUNDLE_IDENTIFIER = com.isesuperstars.cinego;
				PRODUCT_NAME = "$(TARGET_NAME)";
				SWIFT_OBJC_BRIDGING_HEADER = "cinego/cinego-Bridging-Header.h";
				SWIFT_OPTIMIZATION_LEVEL = "-Onone";
				SWIFT_VERSION = 3.0;
			};
			name = Debug;
		};
		1F2CD8A51F2495CC0034D472 /* Release */ = {
			isa = XCBuildConfiguration;
			buildSettings = {
				ASSETCATALOG_COMPILER_APPICON_NAME = AppIcon;
				CLANG_ENABLE_MODULES = YES;
				INFOPLIST_FILE = cinego/Info.plist;
				LD_RUNPATH_SEARCH_PATHS = "$(inherited) @executable_path/Frameworks";
				PRODUCT_BUNDLE_IDENTIFIER = com.isesuperstars.cinego;
				PRODUCT_NAME = "$(TARGET_NAME)";
				SWIFT_OBJC_BRIDGING_HEADER = "cinego/cinego-Bridging-Header.h";
				SWIFT_VERSION = 3.0;
			};
			name = Release;
		};
		1F2CD8A71F2495CC0034D472 /* Debug */ = {
			isa = XCBuildConfiguration;
			buildSettings = {
				ALWAYS_EMBED_SWIFT_STANDARD_LIBRARIES = YES;
				BUNDLE_LOADER = "$(TEST_HOST)";
				INFOPLIST_FILE = cinegoTests/Info.plist;
				LD_RUNPATH_SEARCH_PATHS = "$(inherited) @executable_path/Frameworks @loader_path/Frameworks";
				PRODUCT_BUNDLE_IDENTIFIER = com.isesuperstars.cinegoTests;
				PRODUCT_NAME = "$(TARGET_NAME)";
				SWIFT_VERSION = 3.0;
				TEST_HOST = "$(BUILT_PRODUCTS_DIR)/cinego.app/cinego";
			};
			name = Debug;
		};
		1F2CD8A81F2495CC0034D472 /* Release */ = {
			isa = XCBuildConfiguration;
			buildSettings = {
				ALWAYS_EMBED_SWIFT_STANDARD_LIBRARIES = YES;
				BUNDLE_LOADER = "$(TEST_HOST)";
				INFOPLIST_FILE = cinegoTests/Info.plist;
				LD_RUNPATH_SEARCH_PATHS = "$(inherited) @executable_path/Frameworks @loader_path/Frameworks";
				PRODUCT_BUNDLE_IDENTIFIER = com.isesuperstars.cinegoTests;
				PRODUCT_NAME = "$(TARGET_NAME)";
				SWIFT_VERSION = 3.0;
				TEST_HOST = "$(BUILT_PRODUCTS_DIR)/cinego.app/cinego";
			};
			name = Release;
		};
		1F2CD8AA1F2495CC0034D472 /* Debug */ = {
			isa = XCBuildConfiguration;
			buildSettings = {
				ALWAYS_EMBED_SWIFT_STANDARD_LIBRARIES = YES;
				INFOPLIST_FILE = cinegoUITests/Info.plist;
				LD_RUNPATH_SEARCH_PATHS = "$(inherited) @executable_path/Frameworks @loader_path/Frameworks";
				PRODUCT_BUNDLE_IDENTIFIER = com.isesuperstars.cinegoUITests;
				PRODUCT_NAME = "$(TARGET_NAME)";
				SWIFT_VERSION = 3.0;
				TEST_TARGET_NAME = cinego;
			};
			name = Debug;
		};
		1F2CD8AB1F2495CC0034D472 /* Release */ = {
			isa = XCBuildConfiguration;
			buildSettings = {
				ALWAYS_EMBED_SWIFT_STANDARD_LIBRARIES = YES;
				INFOPLIST_FILE = cinegoUITests/Info.plist;
				LD_RUNPATH_SEARCH_PATHS = "$(inherited) @executable_path/Frameworks @loader_path/Frameworks";
				PRODUCT_BUNDLE_IDENTIFIER = com.isesuperstars.cinegoUITests;
				PRODUCT_NAME = "$(TARGET_NAME)";
				SWIFT_VERSION = 3.0;
				TEST_TARGET_NAME = cinego;
			};
			name = Release;
		};
/* End XCBuildConfiguration section */

/* Begin XCConfigurationList section */
		1F2CD8741F2495CC0034D472 /* Build configuration list for PBXProject "cinego" */ = {
			isa = XCConfigurationList;
			buildConfigurations = (
				1F2CD8A11F2495CC0034D472 /* Debug */,
				1F2CD8A21F2495CC0034D472 /* Release */,
			);
			defaultConfigurationIsVisible = 0;
			defaultConfigurationName = Release;
		};
		1F2CD8A31F2495CC0034D472 /* Build configuration list for PBXNativeTarget "cinego" */ = {
			isa = XCConfigurationList;
			buildConfigurations = (
				1F2CD8A41F2495CC0034D472 /* Debug */,
				1F2CD8A51F2495CC0034D472 /* Release */,
			);
			defaultConfigurationIsVisible = 0;
			defaultConfigurationName = Release;
		};
		1F2CD8A61F2495CC0034D472 /* Build configuration list for PBXNativeTarget "cinegoTests" */ = {
			isa = XCConfigurationList;
			buildConfigurations = (
				1F2CD8A71F2495CC0034D472 /* Debug */,
				1F2CD8A81F2495CC0034D472 /* Release */,
			);
			defaultConfigurationIsVisible = 0;
			defaultConfigurationName = Release;
		};
		1F2CD8A91F2495CC0034D472 /* Build configuration list for PBXNativeTarget "cinegoUITests" */ = {
			isa = XCConfigurationList;
			buildConfigurations = (
				1F2CD8AA1F2495CC0034D472 /* Debug */,
				1F2CD8AB1F2495CC0034D472 /* Release */,
			);
			defaultConfigurationIsVisible = 0;
			defaultConfigurationName = Release;
		};
/* End XCConfigurationList section */
	};
	rootObject = 1F2CD8711F2495CC0034D472 /* Project object */;
}
