// !$*UTF8*$!
{
	archiveVersion = 1;
	classes = {
	};
	objectVersion = 46;
	objects = {

/* Begin PBXBuildFile section */
		0375A81A1F51081F00A32C95 /* SeatCell.swift in Sources */ = {isa = PBXBuildFile; fileRef = 0375A8181F51081F00A32C95 /* SeatCell.swift */; };
		0375A81B1F51081F00A32C95 /* SeatCell.xib in Resources */ = {isa = PBXBuildFile; fileRef = 0375A8191F51081F00A32C95 /* SeatCell.xib */; };
		03B219411F25E285009F7B41 /* MovieSession.swift in Sources */ = {isa = PBXBuildFile; fileRef = 03B219401F25E285009F7B41 /* MovieSession.swift */; };
		03B219431F25E3D8009F7B41 /* Cinema.swift in Sources */ = {isa = PBXBuildFile; fileRef = 03B219421F25E3D8009F7B41 /* Cinema.swift */; };
		03B219451F25E4FF009F7B41 /* Ticket.swift in Sources */ = {isa = PBXBuildFile; fileRef = 03B219441F25E4FF009F7B41 /* Ticket.swift */; };
		03D68A011F4E56D100192877 /* LoginVC.swift in Sources */ = {isa = PBXBuildFile; fileRef = 03D68A001F4E56D100192877 /* LoginVC.swift */; };
		03D68A031F4E570500192877 /* RegisterVC.swift in Sources */ = {isa = PBXBuildFile; fileRef = 03D68A021F4E570500192877 /* RegisterVC.swift */; };
		03F0737F1F26C4DC00BD9713 /* HomeViewController.swift in Sources */ = {isa = PBXBuildFile; fileRef = 03F0737E1F26C4DC00BD9713 /* HomeViewController.swift */; };
		117C4CEC633F0FD28D077803 /* Pods_cinegoTests.framework in Frameworks */ = {isa = PBXBuildFile; fileRef = F4638585F6700EFE04AF5BA5 /* Pods_cinegoTests.framework */; };
		1F055F521F5034ED004238F5 /* MovieDetailsView.xib in Resources */ = {isa = PBXBuildFile; fileRef = 1F055F511F5034ED004238F5 /* MovieDetailsView.xib */; };
		1F055F541F503505004238F5 /* MovieDetailsView.swift in Sources */ = {isa = PBXBuildFile; fileRef = 1F055F531F503505004238F5 /* MovieDetailsView.swift */; };
		1F055F571F5037F4004238F5 /* SessionDetailsView.xib in Resources */ = {isa = PBXBuildFile; fileRef = 1F055F561F5037F4004238F5 /* SessionDetailsView.xib */; };
		1F055F5A1F503A5F004238F5 /* OrderSummaryView.xib in Resources */ = {isa = PBXBuildFile; fileRef = 1F055F591F503A5F004238F5 /* OrderSummaryView.xib */; };
		1F055F5D1F503B22004238F5 /* UserProfileView.xib in Resources */ = {isa = PBXBuildFile; fileRef = 1F055F5C1F503B22004238F5 /* UserProfileView.xib */; };
		1F055F601F503C4F004238F5 /* PriceBannerView.xib in Resources */ = {isa = PBXBuildFile; fileRef = 1F055F5F1F503C4F004238F5 /* PriceBannerView.xib */; };
		1F055F631F503D14004238F5 /* SeatingArrangementView.xib in Resources */ = {isa = PBXBuildFile; fileRef = 1F055F621F503D14004238F5 /* SeatingArrangementView.xib */; };
		1F055F661F503F00004238F5 /* OrderItemView.xib in Resources */ = {isa = PBXBuildFile; fileRef = 1F055F651F503F00004238F5 /* OrderItemView.xib */; };
		1F055F681F503F7F004238F5 /* SessionDetailsView.swift in Sources */ = {isa = PBXBuildFile; fileRef = 1F055F671F503F7F004238F5 /* SessionDetailsView.swift */; };
		1F055F6A1F504001004238F5 /* OrderSummaryView.swift in Sources */ = {isa = PBXBuildFile; fileRef = 1F055F691F504001004238F5 /* OrderSummaryView.swift */; };
		1F055F6C1F5040AD004238F5 /* UserProfileView.swift in Sources */ = {isa = PBXBuildFile; fileRef = 1F055F6B1F5040AD004238F5 /* UserProfileView.swift */; };
		1F055F6E1F50410E004238F5 /* PriceBannerView.swift in Sources */ = {isa = PBXBuildFile; fileRef = 1F055F6D1F50410E004238F5 /* PriceBannerView.swift */; };
		1F055F701F5041DA004238F5 /* SeatingArrangementView.swift in Sources */ = {isa = PBXBuildFile; fileRef = 1F055F6F1F5041DA004238F5 /* SeatingArrangementView.swift */; };
		1F055F721F50428C004238F5 /* OrderItemView.swift in Sources */ = {isa = PBXBuildFile; fileRef = 1F055F711F50428C004238F5 /* OrderItemView.swift */; };
		1F10EC7E1F35381C00283B8C /* MovieSessionDetailsVC.swift in Sources */ = {isa = PBXBuildFile; fileRef = 1F10EC7D1F35381C00283B8C /* MovieSessionDetailsVC.swift */; };
		1F10EC801F3538A700283B8C /* CheckoutVC.swift in Sources */ = {isa = PBXBuildFile; fileRef = 1F10EC7F1F3538A700283B8C /* CheckoutVC.swift */; };
		1F10EC821F35393500283B8C /* BookingSummaryVC.swift in Sources */ = {isa = PBXBuildFile; fileRef = 1F10EC811F35393500283B8C /* BookingSummaryVC.swift */; };
		1F129BD51F2AE2BF00C6FFA7 /* MovieCollectionViewCell.swift in Sources */ = {isa = PBXBuildFile; fileRef = 1F129BD41F2AE2BF00C6FFA7 /* MovieCollectionViewCell.swift */; };
		1F2CD87D1F2495CC0034D472 /* AppDelegate.swift in Sources */ = {isa = PBXBuildFile; fileRef = 1F2CD87C1F2495CC0034D472 /* AppDelegate.swift */; };
		1F2CD8841F2495CC0034D472 /* Main.storyboard in Resources */ = {isa = PBXBuildFile; fileRef = 1F2CD8821F2495CC0034D472 /* Main.storyboard */; };
		1F2CD8861F2495CC0034D472 /* Assets.xcassets in Resources */ = {isa = PBXBuildFile; fileRef = 1F2CD8851F2495CC0034D472 /* Assets.xcassets */; };
		1F2CD8891F2495CC0034D472 /* LaunchScreen.storyboard in Resources */ = {isa = PBXBuildFile; fileRef = 1F2CD8871F2495CC0034D472 /* LaunchScreen.storyboard */; };
		1F2CD8941F2495CC0034D472 /* cinegoTests.swift in Sources */ = {isa = PBXBuildFile; fileRef = 1F2CD8931F2495CC0034D472 /* cinegoTests.swift */; };
		1F2CD89F1F2495CC0034D472 /* cinegoUITests.swift in Sources */ = {isa = PBXBuildFile; fileRef = 1F2CD89E1F2495CC0034D472 /* cinegoUITests.swift */; };
		1F3DC9AE1F34CDC1008C4313 /* CartItem.swift in Sources */ = {isa = PBXBuildFile; fileRef = 1F3DC9AD1F34CDC1008C4313 /* CartItem.swift */; };
		1F3DC9B21F34CFEE008C4313 /* Booking.swift in Sources */ = {isa = PBXBuildFile; fileRef = 1F3DC9B11F34CFEE008C4313 /* Booking.swift */; };
		1F3DC9B41F34D0F3008C4313 /* User.swift in Sources */ = {isa = PBXBuildFile; fileRef = 1F3DC9B31F34D0F3008C4313 /* User.swift */; };
		1F42609D1F405CB000457BC9 /* ContentRating.swift in Sources */ = {isa = PBXBuildFile; fileRef = 1F42609C1F405CB000457BC9 /* ContentRating.swift */; };
		1F4F8FE31F2C55BA0001895A /* MovieRepository.swift in Sources */ = {isa = PBXBuildFile; fileRef = 1F4F8FE21F2C55BA0001895A /* MovieRepository.swift */; };
		1F5647031F2B1A5D004BB024 /* MovieDetailsViewController.swift in Sources */ = {isa = PBXBuildFile; fileRef = 1F5647021F2B1A5D004BB024 /* MovieDetailsViewController.swift */; };
		1F56470B1F2B4003004BB024 /* ImageSlider.swift in Sources */ = {isa = PBXBuildFile; fileRef = 1F56470A1F2B4003004BB024 /* ImageSlider.swift */; };
		1F5707501F3EABBA00EDFCF6 /* CinemaRepository.swift in Sources */ = {isa = PBXBuildFile; fileRef = 1F57074F1F3EABBA00EDFCF6 /* CinemaRepository.swift */; };
		1F635FB61F4708C0005A1135 /* SimpleIOCContainer.swift in Sources */ = {isa = PBXBuildFile; fileRef = 1F635FB51F4708C0005A1135 /* SimpleIOCContainer.swift */; };
		1FA847851F4D49F8000E9B81 /* Entities.swift in Sources */ = {isa = PBXBuildFile; fileRef = 1FA847841F4D49F8000E9B81 /* Entities.swift */; };
		1FCDD9D21F47AFF900D352FB /* Seat.swift in Sources */ = {isa = PBXBuildFile; fileRef = 1FCDD9D11F47AFF900D352FB /* Seat.swift */; };
		1FCDD9D61F47B36600D352FB /* SeatCollectionViewCell.swift in Sources */ = {isa = PBXBuildFile; fileRef = 1FCDD9D51F47B36600D352FB /* SeatCollectionViewCell.swift */; };
		1FF8E2BD1F4EDC8D00C6AA5C /* HomePageMovieSectionsTableViewCell.swift in Sources */ = {isa = PBXBuildFile; fileRef = 1FF8E2BC1F4EDC8D00C6AA5C /* HomePageMovieSectionsTableViewCell.swift */; };
		2E24224C1F73A07D00183835 /* GoogleService-Info.plist in Resources */ = {isa = PBXBuildFile; fileRef = 2E24224B1F73A07D00183835 /* GoogleService-Info.plist */; };
		2E356E5B1F37D7CD00188A18 /* AccountTableVC.swift in Sources */ = {isa = PBXBuildFile; fileRef = 2E356E5A1F37D7CD00188A18 /* AccountTableVC.swift */; };
		2E4DFE2B1F5D3CB50067A760 /* HomepageViewModel.swift in Sources */ = {isa = PBXBuildFile; fileRef = 2E4DFE2A1F5D3CB50067A760 /* HomepageViewModel.swift */; };
		2E4DFE301F5D4B180067A760 /* HomePageViewModelTests.swift in Sources */ = {isa = PBXBuildFile; fileRef = 2E4DFE2F1F5D4B180067A760 /* HomePageViewModelTests.swift */; };
		2E985CAD1F4A4776004F2360 /* HomePageUITests.swift in Sources */ = {isa = PBXBuildFile; fileRef = 2E985CAC1F4A4776004F2360 /* HomePageUITests.swift */; };
		2EB1685C1F412A4F001CBFC0 /* MovieSessionRepository.swift in Sources */ = {isa = PBXBuildFile; fileRef = 2EB1685B1F412A4F001CBFC0 /* MovieSessionRepository.swift */; };
		2EC77F691F2569A0003BAF20 /* Movie.swift in Sources */ = {isa = PBXBuildFile; fileRef = 2EC77F681F2569A0003BAF20 /* Movie.swift */; };
		47C65476E214A4734BB0ABDB /* Pods_cinego.framework in Frameworks */ = {isa = PBXBuildFile; fileRef = F77CADE09D6FA82142B13D3F /* Pods_cinego.framework */; };
		AC4BF9596F0F1A207FF3FEF5 /* Pods_cinegoUITests.framework in Frameworks */ = {isa = PBXBuildFile; fileRef = 18C07569C3D4052C260B39E8 /* Pods_cinegoUITests.framework */; };
		FD0E8C3F1F77479F00F996E3 /* AccountViewModel.swift in Sources */ = {isa = PBXBuildFile; fileRef = FD0E8C3E1F77479F00F996E3 /* AccountViewModel.swift */; };
		FD0E8C461F778FC500F996E3 /* MovieSessionDetailsViewModel.swift in Sources */ = {isa = PBXBuildFile; fileRef = FD0E8C451F778FC500F996E3 /* MovieSessionDetailsViewModel.swift */; };
		FD5CFCB51F73E6D700CA129C /* MovieService.swift in Sources */ = {isa = PBXBuildFile; fileRef = FD5CFCB41F73E6D700CA129C /* MovieService.swift */; };
		FD5CFCB71F73E70800CA129C /* CinemaService.swift in Sources */ = {isa = PBXBuildFile; fileRef = FD5CFCB61F73E70800CA129C /* CinemaService.swift */; };
		FD5CFCB91F73F00F00CA129C /* MovieSessionService.swift in Sources */ = {isa = PBXBuildFile; fileRef = FD5CFCB81F73F00F00CA129C /* MovieSessionService.swift */; };
		FD829BE81F749FF5005B5BF0 /* MovieSessionServiceTests.swift in Sources */ = {isa = PBXBuildFile; fileRef = FD829BE71F749FF5005B5BF0 /* MovieSessionServiceTests.swift */; };
		FD829BEB1F74A69E005B5BF0 /* MovieTests.swift in Sources */ = {isa = PBXBuildFile; fileRef = FD829BEA1F74A69E005B5BF0 /* MovieTests.swift */; };
		FD829BED1F75196B005B5BF0 /* MovieDetailsViewModel.swift in Sources */ = {isa = PBXBuildFile; fileRef = FD829BEC1F75196B005B5BF0 /* MovieDetailsViewModel.swift */; };
		FD86AAC31F75B5ED00ADDB7E /* BookingService.swift in Sources */ = {isa = PBXBuildFile; fileRef = FD86AAC21F75B5ED00ADDB7E /* BookingService.swift */; };
		FD86AAC51F75B66C00ADDB7E /* CheckoutViewModel.swift in Sources */ = {isa = PBXBuildFile; fileRef = FD86AAC41F75B66C00ADDB7E /* CheckoutViewModel.swift */; };
		FD86AACB1F75B7F000ADDB7E /* TicketCalculationService.swift in Sources */ = {isa = PBXBuildFile; fileRef = FD86AACA1F75B7F000ADDB7E /* TicketCalculationService.swift */; };
		FD86AACD1F75BC4500ADDB7E /* UserService.swift in Sources */ = {isa = PBXBuildFile; fileRef = FD86AACC1F75BC4500ADDB7E /* UserService.swift */; };
		FD86AACF1F75C56000ADDB7E /* TicketCalculationServiceTests.swift in Sources */ = {isa = PBXBuildFile; fileRef = FD86AACE1F75C56000ADDB7E /* TicketCalculationServiceTests.swift */; };
		FD86AAD11F75D15E00ADDB7E /* MovieServiceTests.swift in Sources */ = {isa = PBXBuildFile; fileRef = FD86AAD01F75D15E00ADDB7E /* MovieServiceTests.swift */; };
		FD86AAD31F75D17400ADDB7E /* CinemaServiceTests.swift in Sources */ = {isa = PBXBuildFile; fileRef = FD86AAD21F75D17400ADDB7E /* CinemaServiceTests.swift */; };
		FD86AAD51F75DC7200ADDB7E /* FirebaseService.swift in Sources */ = {isa = PBXBuildFile; fileRef = FD86AAD41F75DC7200ADDB7E /* FirebaseService.swift */; };
		FD86AAD71F75DC8600ADDB7E /* TMDBMovieService.swift in Sources */ = {isa = PBXBuildFile; fileRef = FD86AAD61F75DC8600ADDB7E /* TMDBMovieService.swift */; };
		FDC8C5171F760A46007D08E2 /* SwinjectStoryboard+Setup.swift in Sources */ = {isa = PBXBuildFile; fileRef = FDC8C5161F760A46007D08E2 /* SwinjectStoryboard+Setup.swift */; };
		FDC8C5191F767ED0007D08E2 /* AuthViewModel.swift in Sources */ = {isa = PBXBuildFile; fileRef = FDC8C5181F767ED0007D08E2 /* AuthViewModel.swift */; };
		FDC8C51B1F76A521007D08E2 /* UserServiceTests.swift in Sources */ = {isa = PBXBuildFile; fileRef = FDC8C51A1F76A521007D08E2 /* UserServiceTests.swift */; };
/* End PBXBuildFile section */

/* Begin PBXContainerItemProxy section */
		1F2CD8901F2495CC0034D472 /* PBXContainerItemProxy */ = {
			isa = PBXContainerItemProxy;
			containerPortal = 1F2CD8711F2495CC0034D472 /* Project object */;
			proxyType = 1;
			remoteGlobalIDString = 1F2CD8781F2495CC0034D472;
			remoteInfo = cinego;
		};
		1F2CD89B1F2495CC0034D472 /* PBXContainerItemProxy */ = {
			isa = PBXContainerItemProxy;
			containerPortal = 1F2CD8711F2495CC0034D472 /* Project object */;
			proxyType = 1;
			remoteGlobalIDString = 1F2CD8781F2495CC0034D472;
			remoteInfo = cinego;
		};
/* End PBXContainerItemProxy section */

/* Begin PBXFileReference section */
		0375A8181F51081F00A32C95 /* SeatCell.swift */ = {isa = PBXFileReference; fileEncoding = 4; lastKnownFileType = sourcecode.swift; name = SeatCell.swift; path = Views/SeatingArrangementView/SeatCell.swift; sourceTree = "<group>"; };
		0375A8191F51081F00A32C95 /* SeatCell.xib */ = {isa = PBXFileReference; fileEncoding = 4; lastKnownFileType = file.xib; name = SeatCell.xib; path = Views/SeatingArrangementView/SeatCell.xib; sourceTree = "<group>"; };
		03B219401F25E285009F7B41 /* MovieSession.swift */ = {isa = PBXFileReference; fileEncoding = 4; lastKnownFileType = sourcecode.swift; path = MovieSession.swift; sourceTree = "<group>"; };
		03B219421F25E3D8009F7B41 /* Cinema.swift */ = {isa = PBXFileReference; fileEncoding = 4; lastKnownFileType = sourcecode.swift; path = Cinema.swift; sourceTree = "<group>"; };
		03B219441F25E4FF009F7B41 /* Ticket.swift */ = {isa = PBXFileReference; fileEncoding = 4; lastKnownFileType = sourcecode.swift; path = Ticket.swift; sourceTree = "<group>"; };
		03D68A001F4E56D100192877 /* LoginVC.swift */ = {isa = PBXFileReference; fileEncoding = 4; lastKnownFileType = sourcecode.swift; path = LoginVC.swift; sourceTree = "<group>"; };
		03D68A021F4E570500192877 /* RegisterVC.swift */ = {isa = PBXFileReference; fileEncoding = 4; lastKnownFileType = sourcecode.swift; path = RegisterVC.swift; sourceTree = "<group>"; };
		03F0737E1F26C4DC00BD9713 /* HomeViewController.swift */ = {isa = PBXFileReference; fileEncoding = 4; lastKnownFileType = sourcecode.swift; path = HomeViewController.swift; sourceTree = "<group>"; };
		18C07569C3D4052C260B39E8 /* Pods_cinegoUITests.framework */ = {isa = PBXFileReference; explicitFileType = wrapper.framework; includeInIndex = 0; path = Pods_cinegoUITests.framework; sourceTree = BUILT_PRODUCTS_DIR; };
		1906583C76CB17AA49BEAF04 /* Pods-cinegoUITests.debug.xcconfig */ = {isa = PBXFileReference; includeInIndex = 1; lastKnownFileType = text.xcconfig; name = "Pods-cinegoUITests.debug.xcconfig"; path = "Pods/Target Support Files/Pods-cinegoUITests/Pods-cinegoUITests.debug.xcconfig"; sourceTree = "<group>"; };
		1F055F511F5034ED004238F5 /* MovieDetailsView.xib */ = {isa = PBXFileReference; fileEncoding = 4; lastKnownFileType = file.xib; name = MovieDetailsView.xib; path = Views/MovieDetailsView/MovieDetailsView.xib; sourceTree = "<group>"; };
		1F055F531F503505004238F5 /* MovieDetailsView.swift */ = {isa = PBXFileReference; fileEncoding = 4; lastKnownFileType = sourcecode.swift; name = MovieDetailsView.swift; path = Views/MovieDetailsView/MovieDetailsView.swift; sourceTree = "<group>"; };
		1F055F561F5037F4004238F5 /* SessionDetailsView.xib */ = {isa = PBXFileReference; fileEncoding = 4; lastKnownFileType = file.xib; name = SessionDetailsView.xib; path = Views/SessionDetailsView/SessionDetailsView.xib; sourceTree = "<group>"; };
		1F055F591F503A5F004238F5 /* OrderSummaryView.xib */ = {isa = PBXFileReference; fileEncoding = 4; lastKnownFileType = file.xib; name = OrderSummaryView.xib; path = Views/OrderSummaryView/OrderSummaryView.xib; sourceTree = "<group>"; };
		1F055F5C1F503B22004238F5 /* UserProfileView.xib */ = {isa = PBXFileReference; fileEncoding = 4; lastKnownFileType = file.xib; name = UserProfileView.xib; path = Views/UserProfileView/UserProfileView.xib; sourceTree = "<group>"; };
		1F055F5F1F503C4F004238F5 /* PriceBannerView.xib */ = {isa = PBXFileReference; fileEncoding = 4; lastKnownFileType = file.xib; name = PriceBannerView.xib; path = Views/PriceBannerView/PriceBannerView.xib; sourceTree = "<group>"; };
		1F055F621F503D14004238F5 /* SeatingArrangementView.xib */ = {isa = PBXFileReference; fileEncoding = 4; lastKnownFileType = file.xib; name = SeatingArrangementView.xib; path = Views/SeatingArrangementView/SeatingArrangementView.xib; sourceTree = "<group>"; };
		1F055F651F503F00004238F5 /* OrderItemView.xib */ = {isa = PBXFileReference; fileEncoding = 4; lastKnownFileType = file.xib; name = OrderItemView.xib; path = Views/OrderItemView/OrderItemView.xib; sourceTree = "<group>"; };
		1F055F671F503F7F004238F5 /* SessionDetailsView.swift */ = {isa = PBXFileReference; fileEncoding = 4; lastKnownFileType = sourcecode.swift; name = SessionDetailsView.swift; path = Views/SessionDetailsView/SessionDetailsView.swift; sourceTree = "<group>"; };
		1F055F691F504001004238F5 /* OrderSummaryView.swift */ = {isa = PBXFileReference; fileEncoding = 4; lastKnownFileType = sourcecode.swift; name = OrderSummaryView.swift; path = Views/OrderSummaryView/OrderSummaryView.swift; sourceTree = "<group>"; };
		1F055F6B1F5040AD004238F5 /* UserProfileView.swift */ = {isa = PBXFileReference; fileEncoding = 4; lastKnownFileType = sourcecode.swift; name = UserProfileView.swift; path = Views/UserProfileView/UserProfileView.swift; sourceTree = "<group>"; };
		1F055F6D1F50410E004238F5 /* PriceBannerView.swift */ = {isa = PBXFileReference; fileEncoding = 4; lastKnownFileType = sourcecode.swift; name = PriceBannerView.swift; path = Views/PriceBannerView/PriceBannerView.swift; sourceTree = "<group>"; };
		1F055F6F1F5041DA004238F5 /* SeatingArrangementView.swift */ = {isa = PBXFileReference; fileEncoding = 4; lastKnownFileType = sourcecode.swift; name = SeatingArrangementView.swift; path = Views/SeatingArrangementView/SeatingArrangementView.swift; sourceTree = "<group>"; };
		1F055F711F50428C004238F5 /* OrderItemView.swift */ = {isa = PBXFileReference; fileEncoding = 4; lastKnownFileType = sourcecode.swift; name = OrderItemView.swift; path = Views/OrderItemView/OrderItemView.swift; sourceTree = "<group>"; };
		1F10EC7D1F35381C00283B8C /* MovieSessionDetailsVC.swift */ = {isa = PBXFileReference; fileEncoding = 4; lastKnownFileType = sourcecode.swift; path = MovieSessionDetailsVC.swift; sourceTree = "<group>"; };
		1F10EC7F1F3538A700283B8C /* CheckoutVC.swift */ = {isa = PBXFileReference; fileEncoding = 4; lastKnownFileType = sourcecode.swift; path = CheckoutVC.swift; sourceTree = "<group>"; };
		1F10EC811F35393500283B8C /* BookingSummaryVC.swift */ = {isa = PBXFileReference; fileEncoding = 4; lastKnownFileType = sourcecode.swift; path = BookingSummaryVC.swift; sourceTree = "<group>"; };
		1F129BD41F2AE2BF00C6FFA7 /* MovieCollectionViewCell.swift */ = {isa = PBXFileReference; fileEncoding = 4; lastKnownFileType = sourcecode.swift; path = MovieCollectionViewCell.swift; sourceTree = "<group>"; };
		1F2CD8791F2495CC0034D472 /* cinego.app */ = {isa = PBXFileReference; explicitFileType = wrapper.application; includeInIndex = 0; path = cinego.app; sourceTree = BUILT_PRODUCTS_DIR; };
		1F2CD87C1F2495CC0034D472 /* AppDelegate.swift */ = {isa = PBXFileReference; lastKnownFileType = sourcecode.swift; path = AppDelegate.swift; sourceTree = "<group>"; };
		1F2CD8831F2495CC0034D472 /* Base */ = {isa = PBXFileReference; lastKnownFileType = file.storyboard; name = Base; path = Base.lproj/Main.storyboard; sourceTree = "<group>"; };
		1F2CD8851F2495CC0034D472 /* Assets.xcassets */ = {isa = PBXFileReference; lastKnownFileType = folder.assetcatalog; path = Assets.xcassets; sourceTree = "<group>"; };
		1F2CD8881F2495CC0034D472 /* Base */ = {isa = PBXFileReference; lastKnownFileType = file.storyboard; name = Base; path = Base.lproj/LaunchScreen.storyboard; sourceTree = "<group>"; };
		1F2CD88A1F2495CC0034D472 /* Info.plist */ = {isa = PBXFileReference; lastKnownFileType = text.plist.xml; path = Info.plist; sourceTree = "<group>"; };
		1F2CD88F1F2495CC0034D472 /* cinegoTests.xctest */ = {isa = PBXFileReference; explicitFileType = wrapper.cfbundle; includeInIndex = 0; path = cinegoTests.xctest; sourceTree = BUILT_PRODUCTS_DIR; };
		1F2CD8931F2495CC0034D472 /* cinegoTests.swift */ = {isa = PBXFileReference; lastKnownFileType = sourcecode.swift; path = cinegoTests.swift; sourceTree = "<group>"; };
		1F2CD8951F2495CC0034D472 /* Info.plist */ = {isa = PBXFileReference; lastKnownFileType = text.plist.xml; path = Info.plist; sourceTree = "<group>"; };
		1F2CD89A1F2495CC0034D472 /* cinegoUITests.xctest */ = {isa = PBXFileReference; explicitFileType = wrapper.cfbundle; includeInIndex = 0; path = cinegoUITests.xctest; sourceTree = BUILT_PRODUCTS_DIR; };
		1F2CD89E1F2495CC0034D472 /* cinegoUITests.swift */ = {isa = PBXFileReference; lastKnownFileType = sourcecode.swift; path = cinegoUITests.swift; sourceTree = "<group>"; };
		1F2CD8A01F2495CC0034D472 /* Info.plist */ = {isa = PBXFileReference; lastKnownFileType = text.plist.xml; path = Info.plist; sourceTree = "<group>"; };
		1F3DC9AD1F34CDC1008C4313 /* CartItem.swift */ = {isa = PBXFileReference; fileEncoding = 4; lastKnownFileType = sourcecode.swift; path = CartItem.swift; sourceTree = "<group>"; };
		1F3DC9B11F34CFEE008C4313 /* Booking.swift */ = {isa = PBXFileReference; fileEncoding = 4; lastKnownFileType = sourcecode.swift; path = Booking.swift; sourceTree = "<group>"; };
		1F3DC9B31F34D0F3008C4313 /* User.swift */ = {isa = PBXFileReference; fileEncoding = 4; lastKnownFileType = sourcecode.swift; path = User.swift; sourceTree = "<group>"; };
		1F42609C1F405CB000457BC9 /* ContentRating.swift */ = {isa = PBXFileReference; fileEncoding = 4; lastKnownFileType = sourcecode.swift; path = ContentRating.swift; sourceTree = "<group>"; };
		1F4F8FE21F2C55BA0001895A /* MovieRepository.swift */ = {isa = PBXFileReference; fileEncoding = 4; lastKnownFileType = sourcecode.swift; path = MovieRepository.swift; sourceTree = "<group>"; };
		1F5647021F2B1A5D004BB024 /* MovieDetailsViewController.swift */ = {isa = PBXFileReference; fileEncoding = 4; lastKnownFileType = sourcecode.swift; path = MovieDetailsViewController.swift; sourceTree = "<group>"; };
		1F56470A1F2B4003004BB024 /* ImageSlider.swift */ = {isa = PBXFileReference; fileEncoding = 4; lastKnownFileType = sourcecode.swift; path = ImageSlider.swift; sourceTree = "<group>"; };
		1F57074F1F3EABBA00EDFCF6 /* CinemaRepository.swift */ = {isa = PBXFileReference; fileEncoding = 4; lastKnownFileType = sourcecode.swift; path = CinemaRepository.swift; sourceTree = "<group>"; };
		1F635FB51F4708C0005A1135 /* SimpleIOCContainer.swift */ = {isa = PBXFileReference; fileEncoding = 4; lastKnownFileType = sourcecode.swift; path = SimpleIOCContainer.swift; sourceTree = "<group>"; };
		1FA847841F4D49F8000E9B81 /* Entities.swift */ = {isa = PBXFileReference; fileEncoding = 4; lastKnownFileType = sourcecode.swift; name = Entities.swift; path = Entities/Entities.swift; sourceTree = "<group>"; };
		1FCDD9D11F47AFF900D352FB /* Seat.swift */ = {isa = PBXFileReference; fileEncoding = 4; lastKnownFileType = sourcecode.swift; path = Seat.swift; sourceTree = "<group>"; };
		1FCDD9D51F47B36600D352FB /* SeatCollectionViewCell.swift */ = {isa = PBXFileReference; fileEncoding = 4; lastKnownFileType = sourcecode.swift; path = SeatCollectionViewCell.swift; sourceTree = "<group>"; };
		1FF8E2BC1F4EDC8D00C6AA5C /* HomePageMovieSectionsTableViewCell.swift */ = {isa = PBXFileReference; fileEncoding = 4; lastKnownFileType = sourcecode.swift; path = HomePageMovieSectionsTableViewCell.swift; sourceTree = "<group>"; };
		2E24224B1F73A07D00183835 /* GoogleService-Info.plist */ = {isa = PBXFileReference; fileEncoding = 4; lastKnownFileType = text.plist.xml; path = "GoogleService-Info.plist"; sourceTree = "<group>"; };
		2E356E5A1F37D7CD00188A18 /* AccountTableVC.swift */ = {isa = PBXFileReference; fileEncoding = 4; lastKnownFileType = sourcecode.swift; path = AccountTableVC.swift; sourceTree = "<group>"; };
		2E4DFE2A1F5D3CB50067A760 /* HomepageViewModel.swift */ = {isa = PBXFileReference; fileEncoding = 4; lastKnownFileType = sourcecode.swift; name = HomepageViewModel.swift; path = ViewModels/HomepageViewModel.swift; sourceTree = "<group>"; };
		2E4DFE2F1F5D4B180067A760 /* HomePageViewModelTests.swift */ = {isa = PBXFileReference; fileEncoding = 4; lastKnownFileType = sourcecode.swift; name = HomePageViewModelTests.swift; path = ViewModelsTests/HomePageViewModelTests.swift; sourceTree = "<group>"; };
		2E985CAC1F4A4776004F2360 /* HomePageUITests.swift */ = {isa = PBXFileReference; fileEncoding = 4; lastKnownFileType = sourcecode.swift; path = HomePageUITests.swift; sourceTree = "<group>"; };
		2EB1685B1F412A4F001CBFC0 /* MovieSessionRepository.swift */ = {isa = PBXFileReference; fileEncoding = 4; lastKnownFileType = sourcecode.swift; path = MovieSessionRepository.swift; sourceTree = "<group>"; };
		2EC77F681F2569A0003BAF20 /* Movie.swift */ = {isa = PBXFileReference; fileEncoding = 4; lastKnownFileType = sourcecode.swift; path = Movie.swift; sourceTree = "<group>"; };
		54B0A8B25CE20D32205111E0 /* Pods-cinego.release.xcconfig */ = {isa = PBXFileReference; includeInIndex = 1; lastKnownFileType = text.xcconfig; name = "Pods-cinego.release.xcconfig"; path = "Pods/Target Support Files/Pods-cinego/Pods-cinego.release.xcconfig"; sourceTree = "<group>"; };
		690E78FBE6275A6B8F88D669 /* Pods-cinegoTests.debug.xcconfig */ = {isa = PBXFileReference; includeInIndex = 1; lastKnownFileType = text.xcconfig; name = "Pods-cinegoTests.debug.xcconfig"; path = "Pods/Target Support Files/Pods-cinegoTests/Pods-cinegoTests.debug.xcconfig"; sourceTree = "<group>"; };
		76D258026CAF5696918C0EBE /* Pods-cinego.debug.xcconfig */ = {isa = PBXFileReference; includeInIndex = 1; lastKnownFileType = text.xcconfig; name = "Pods-cinego.debug.xcconfig"; path = "Pods/Target Support Files/Pods-cinego/Pods-cinego.debug.xcconfig"; sourceTree = "<group>"; };
		A913027496429F35CCD02A38 /* Pods-cinegoTests.release.xcconfig */ = {isa = PBXFileReference; includeInIndex = 1; lastKnownFileType = text.xcconfig; name = "Pods-cinegoTests.release.xcconfig"; path = "Pods/Target Support Files/Pods-cinegoTests/Pods-cinegoTests.release.xcconfig"; sourceTree = "<group>"; };
		E4F36C2CFA2F1AF78002521A /* Pods-cinegoUITests.release.xcconfig */ = {isa = PBXFileReference; includeInIndex = 1; lastKnownFileType = text.xcconfig; name = "Pods-cinegoUITests.release.xcconfig"; path = "Pods/Target Support Files/Pods-cinegoUITests/Pods-cinegoUITests.release.xcconfig"; sourceTree = "<group>"; };
		F4638585F6700EFE04AF5BA5 /* Pods_cinegoTests.framework */ = {isa = PBXFileReference; explicitFileType = wrapper.framework; includeInIndex = 0; path = Pods_cinegoTests.framework; sourceTree = BUILT_PRODUCTS_DIR; };
		F77CADE09D6FA82142B13D3F /* Pods_cinego.framework */ = {isa = PBXFileReference; explicitFileType = wrapper.framework; includeInIndex = 0; path = Pods_cinego.framework; sourceTree = BUILT_PRODUCTS_DIR; };
		FD0E8C3E1F77479F00F996E3 /* AccountViewModel.swift */ = {isa = PBXFileReference; fileEncoding = 4; lastKnownFileType = sourcecode.swift; name = AccountViewModel.swift; path = ViewModels/AccountViewModel.swift; sourceTree = "<group>"; };
		FD0E8C451F778FC500F996E3 /* MovieSessionDetailsViewModel.swift */ = {isa = PBXFileReference; fileEncoding = 4; lastKnownFileType = sourcecode.swift; name = MovieSessionDetailsViewModel.swift; path = ViewModels/MovieSessionDetailsViewModel.swift; sourceTree = "<group>"; };
		FD5CFCB41F73E6D700CA129C /* MovieService.swift */ = {isa = PBXFileReference; fileEncoding = 4; lastKnownFileType = sourcecode.swift; name = MovieService.swift; path = Services/MovieService.swift; sourceTree = "<group>"; };
		FD5CFCB61F73E70800CA129C /* CinemaService.swift */ = {isa = PBXFileReference; fileEncoding = 4; lastKnownFileType = sourcecode.swift; name = CinemaService.swift; path = Services/CinemaService.swift; sourceTree = "<group>"; };
		FD5CFCB81F73F00F00CA129C /* MovieSessionService.swift */ = {isa = PBXFileReference; fileEncoding = 4; lastKnownFileType = sourcecode.swift; name = MovieSessionService.swift; path = Services/MovieSessionService.swift; sourceTree = "<group>"; };
		FD829BE71F749FF5005B5BF0 /* MovieSessionServiceTests.swift */ = {isa = PBXFileReference; fileEncoding = 4; lastKnownFileType = sourcecode.swift; name = MovieSessionServiceTests.swift; path = ServicesTests/MovieSessionServiceTests.swift; sourceTree = "<group>"; };
		FD829BEA1F74A69E005B5BF0 /* MovieTests.swift */ = {isa = PBXFileReference; fileEncoding = 4; lastKnownFileType = sourcecode.swift; name = MovieTests.swift; path = ModelsTests/MovieTests.swift; sourceTree = "<group>"; };
		FD829BEC1F75196B005B5BF0 /* MovieDetailsViewModel.swift */ = {isa = PBXFileReference; fileEncoding = 4; lastKnownFileType = sourcecode.swift; name = MovieDetailsViewModel.swift; path = ViewModels/MovieDetailsViewModel.swift; sourceTree = "<group>"; };
		FD86AAC21F75B5ED00ADDB7E /* BookingService.swift */ = {isa = PBXFileReference; fileEncoding = 4; lastKnownFileType = sourcecode.swift; name = BookingService.swift; path = Services/BookingService.swift; sourceTree = "<group>"; };
		FD86AAC41F75B66C00ADDB7E /* CheckoutViewModel.swift */ = {isa = PBXFileReference; fileEncoding = 4; lastKnownFileType = sourcecode.swift; name = CheckoutViewModel.swift; path = ViewModels/CheckoutViewModel.swift; sourceTree = "<group>"; };
		FD86AACA1F75B7F000ADDB7E /* TicketCalculationService.swift */ = {isa = PBXFileReference; fileEncoding = 4; lastKnownFileType = sourcecode.swift; name = TicketCalculationService.swift; path = Services/TicketCalculationService.swift; sourceTree = "<group>"; };
		FD86AACC1F75BC4500ADDB7E /* UserService.swift */ = {isa = PBXFileReference; fileEncoding = 4; lastKnownFileType = sourcecode.swift; name = UserService.swift; path = Services/UserService.swift; sourceTree = "<group>"; };
		FD86AACE1F75C56000ADDB7E /* TicketCalculationServiceTests.swift */ = {isa = PBXFileReference; fileEncoding = 4; lastKnownFileType = sourcecode.swift; name = TicketCalculationServiceTests.swift; path = ServicesTests/TicketCalculationServiceTests.swift; sourceTree = "<group>"; };
		FD86AAD01F75D15E00ADDB7E /* MovieServiceTests.swift */ = {isa = PBXFileReference; fileEncoding = 4; lastKnownFileType = sourcecode.swift; name = MovieServiceTests.swift; path = ServicesTests/MovieServiceTests.swift; sourceTree = "<group>"; };
		FD86AAD21F75D17400ADDB7E /* CinemaServiceTests.swift */ = {isa = PBXFileReference; fileEncoding = 4; lastKnownFileType = sourcecode.swift; name = CinemaServiceTests.swift; path = ServicesTests/CinemaServiceTests.swift; sourceTree = "<group>"; };
		FD86AAD41F75DC7200ADDB7E /* FirebaseService.swift */ = {isa = PBXFileReference; fileEncoding = 4; lastKnownFileType = sourcecode.swift; name = FirebaseService.swift; path = Services/FirebaseService.swift; sourceTree = "<group>"; };
		FD86AAD61F75DC8600ADDB7E /* TMDBMovieService.swift */ = {isa = PBXFileReference; fileEncoding = 4; lastKnownFileType = sourcecode.swift; name = TMDBMovieService.swift; path = Services/TMDBMovieService.swift; sourceTree = "<group>"; };
		FDC8C5161F760A46007D08E2 /* SwinjectStoryboard+Setup.swift */ = {isa = PBXFileReference; fileEncoding = 4; lastKnownFileType = sourcecode.swift; path = "SwinjectStoryboard+Setup.swift"; sourceTree = "<group>"; };
		FDC8C5181F767ED0007D08E2 /* AuthViewModel.swift */ = {isa = PBXFileReference; fileEncoding = 4; lastKnownFileType = sourcecode.swift; name = AuthViewModel.swift; path = ViewModels/AuthViewModel.swift; sourceTree = "<group>"; };
		FDC8C51A1F76A521007D08E2 /* UserServiceTests.swift */ = {isa = PBXFileReference; fileEncoding = 4; lastKnownFileType = sourcecode.swift; name = UserServiceTests.swift; path = ServicesTests/UserServiceTests.swift; sourceTree = "<group>"; };
/* End PBXFileReference section */

/* Begin PBXFrameworksBuildPhase section */
		1F2CD8761F2495CC0034D472 /* Frameworks */ = {
			isa = PBXFrameworksBuildPhase;
			buildActionMask = 2147483647;
			files = (
				47C65476E214A4734BB0ABDB /* Pods_cinego.framework in Frameworks */,
			);
			runOnlyForDeploymentPostprocessing = 0;
		};
		1F2CD88C1F2495CC0034D472 /* Frameworks */ = {
			isa = PBXFrameworksBuildPhase;
			buildActionMask = 2147483647;
			files = (
				117C4CEC633F0FD28D077803 /* Pods_cinegoTests.framework in Frameworks */,
			);
			runOnlyForDeploymentPostprocessing = 0;
		};
		1F2CD8971F2495CC0034D472 /* Frameworks */ = {
			isa = PBXFrameworksBuildPhase;
			buildActionMask = 2147483647;
			files = (
				AC4BF9596F0F1A207FF3FEF5 /* Pods_cinegoUITests.framework in Frameworks */,
			);
			runOnlyForDeploymentPostprocessing = 0;
		};
/* End PBXFrameworksBuildPhase section */

/* Begin PBXGroup section */
		03B219461F25E7E5009F7B41 /* Controllers */ = {
			isa = PBXGroup;
			children = (
				03F0737E1F26C4DC00BD9713 /* HomeViewController.swift */,
				1F5647021F2B1A5D004BB024 /* MovieDetailsViewController.swift */,
				1F10EC7D1F35381C00283B8C /* MovieSessionDetailsVC.swift */,
				1F10EC7F1F3538A700283B8C /* CheckoutVC.swift */,
				1F10EC811F35393500283B8C /* BookingSummaryVC.swift */,
				2E356E5A1F37D7CD00188A18 /* AccountTableVC.swift */,
				03D68A001F4E56D100192877 /* LoginVC.swift */,
				03D68A021F4E570500192877 /* RegisterVC.swift */,
			);
			name = Controllers;
			sourceTree = "<group>";
		};
		03B219481F25E8B8009F7B41 /* Repositories */ = {
			isa = PBXGroup;
			children = (
				1F4F8FE21F2C55BA0001895A /* MovieRepository.swift */,
				1F57074F1F3EABBA00EDFCF6 /* CinemaRepository.swift */,
				2EB1685B1F412A4F001CBFC0 /* MovieSessionRepository.swift */,
			);
			name = Repositories;
			sourceTree = "<group>";
		};
		1F055F501F5034AF004238F5 /* MovieDetailsView */ = {
			isa = PBXGroup;
			children = (
				1F055F511F5034ED004238F5 /* MovieDetailsView.xib */,
				1F055F531F503505004238F5 /* MovieDetailsView.swift */,
			);
			name = MovieDetailsView;
			sourceTree = "<group>";
		};
		1F055F551F5037CE004238F5 /* SessionDetailsView */ = {
			isa = PBXGroup;
			children = (
				1F055F561F5037F4004238F5 /* SessionDetailsView.xib */,
				1F055F671F503F7F004238F5 /* SessionDetailsView.swift */,
			);
			name = SessionDetailsView;
			sourceTree = "<group>";
		};
		1F055F581F503A36004238F5 /* OrderSummaryView */ = {
			isa = PBXGroup;
			children = (
				1F055F591F503A5F004238F5 /* OrderSummaryView.xib */,
				1F055F691F504001004238F5 /* OrderSummaryView.swift */,
			);
			name = OrderSummaryView;
			sourceTree = "<group>";
		};
		1F055F5B1F503AF7004238F5 /* UserProfileView */ = {
			isa = PBXGroup;
			children = (
				1F055F5C1F503B22004238F5 /* UserProfileView.xib */,
				1F055F6B1F5040AD004238F5 /* UserProfileView.swift */,
			);
			name = UserProfileView;
			sourceTree = "<group>";
		};
		1F055F5E1F503C22004238F5 /* PriceBannerView */ = {
			isa = PBXGroup;
			children = (
				1F055F5F1F503C4F004238F5 /* PriceBannerView.xib */,
				1F055F6D1F50410E004238F5 /* PriceBannerView.swift */,
			);
			name = PriceBannerView;
			sourceTree = "<group>";
		};
		1F055F611F503CD7004238F5 /* SeatingArrangementView */ = {
			isa = PBXGroup;
			children = (
				1F055F621F503D14004238F5 /* SeatingArrangementView.xib */,
				1F055F6F1F5041DA004238F5 /* SeatingArrangementView.swift */,
				0375A8181F51081F00A32C95 /* SeatCell.swift */,
				0375A8191F51081F00A32C95 /* SeatCell.xib */,
			);
			name = SeatingArrangementView;
			sourceTree = "<group>";
		};
		1F055F641F503ECB004238F5 /* OrderItemView */ = {
			isa = PBXGroup;
			children = (
				1F055F651F503F00004238F5 /* OrderItemView.xib */,
				1F055F711F50428C004238F5 /* OrderItemView.swift */,
			);
			name = OrderItemView;
			sourceTree = "<group>";
		};
		1F129BD31F2AE27600C6FFA7 /* Views */ = {
			isa = PBXGroup;
			children = (
				1F055F641F503ECB004238F5 /* OrderItemView */,
				1F055F611F503CD7004238F5 /* SeatingArrangementView */,
				1F055F5E1F503C22004238F5 /* PriceBannerView */,
				1F055F5B1F503AF7004238F5 /* UserProfileView */,
				1F055F581F503A36004238F5 /* OrderSummaryView */,
				1F055F551F5037CE004238F5 /* SessionDetailsView */,
				1F055F501F5034AF004238F5 /* MovieDetailsView */,
				1F129BD41F2AE2BF00C6FFA7 /* MovieCollectionViewCell.swift */,
				1F56470A1F2B4003004BB024 /* ImageSlider.swift */,
				1FCDD9D51F47B36600D352FB /* SeatCollectionViewCell.swift */,
				1FF8E2BC1F4EDC8D00C6AA5C /* HomePageMovieSectionsTableViewCell.swift */,
			);
			name = Views;
			sourceTree = "<group>";
		};
		1F2CD8701F2495CC0034D472 = {
			isa = PBXGroup;
			children = (
				1F2CD87B1F2495CC0034D472 /* cinego */,
				1F2CD8921F2495CC0034D472 /* cinegoTests */,
				1F2CD89D1F2495CC0034D472 /* cinegoUITests */,
				1F2CD87A1F2495CC0034D472 /* Products */,
				3149F635A7DAA9FEB51608E4 /* Pods */,
				47EEC304A9B3B259455C5E05 /* Frameworks */,
			);
			sourceTree = "<group>";
		};
		1F2CD87A1F2495CC0034D472 /* Products */ = {
			isa = PBXGroup;
			children = (
				1F2CD8791F2495CC0034D472 /* cinego.app */,
				1F2CD88F1F2495CC0034D472 /* cinegoTests.xctest */,
				1F2CD89A1F2495CC0034D472 /* cinegoUITests.xctest */,
			);
			name = Products;
			sourceTree = "<group>";
		};
		1F2CD87B1F2495CC0034D472 /* cinego */ = {
			isa = PBXGroup;
			children = (
				FD5CFCB31F73E6A700CA129C /* Services */,
				1FA847791F4D47C9000E9B81 /* Entities */,
				1FA847781F4D218F000E9B81 /* ViewModels */,
				1F635FB41F4708A4005A1135 /* DependencyRegistry */,
				1F129BD31F2AE27600C6FFA7 /* Views */,
				03B219481F25E8B8009F7B41 /* Repositories */,
				03B219461F25E7E5009F7B41 /* Controllers */,
				2EC77F671F256978003BAF20 /* Models */,
				1F2CD87C1F2495CC0034D472 /* AppDelegate.swift */,
				1F2CD8821F2495CC0034D472 /* Main.storyboard */,
				1F2CD8851F2495CC0034D472 /* Assets.xcassets */,
				1F2CD8871F2495CC0034D472 /* LaunchScreen.storyboard */,
				2E24224B1F73A07D00183835 /* GoogleService-Info.plist */,
				1F2CD88A1F2495CC0034D472 /* Info.plist */,
				FDC8C5161F760A46007D08E2 /* SwinjectStoryboard+Setup.swift */,
			);
			path = cinego;
			sourceTree = "<group>";
		};
		1F2CD8921F2495CC0034D472 /* cinegoTests */ = {
			isa = PBXGroup;
			children = (
				FD829BE91F74A67A005B5BF0 /* ModelsTests */,
				FD829BE61F749FBD005B5BF0 /* ServicesTests */,
				2E4DFE2C1F5D4A6A0067A760 /* ViewModelsTests */,
				1F2CD8931F2495CC0034D472 /* cinegoTests.swift */,
				1F2CD8951F2495CC0034D472 /* Info.plist */,
			);
			path = cinegoTests;
			sourceTree = "<group>";
		};
		1F2CD89D1F2495CC0034D472 /* cinegoUITests */ = {
			isa = PBXGroup;
			children = (
				1F2CD89E1F2495CC0034D472 /* cinegoUITests.swift */,
				1F2CD8A01F2495CC0034D472 /* Info.plist */,
				2E985CAC1F4A4776004F2360 /* HomePageUITests.swift */,
			);
			path = cinegoUITests;
			sourceTree = "<group>";
		};
		1F635FB41F4708A4005A1135 /* DependencyRegistry */ = {
			isa = PBXGroup;
			children = (
				1F635FB51F4708C0005A1135 /* SimpleIOCContainer.swift */,
			);
			name = DependencyRegistry;
			sourceTree = "<group>";
		};
		1FA847781F4D218F000E9B81 /* ViewModels */ = {
			isa = PBXGroup;
			children = (
				2E4DFE2A1F5D3CB50067A760 /* HomepageViewModel.swift */,
				FD829BEC1F75196B005B5BF0 /* MovieDetailsViewModel.swift */,
				FD86AAC41F75B66C00ADDB7E /* CheckoutViewModel.swift */,
				FDC8C5181F767ED0007D08E2 /* AuthViewModel.swift */,
				FD0E8C3E1F77479F00F996E3 /* AccountViewModel.swift */,
				FD0E8C451F778FC500F996E3 /* MovieSessionDetailsViewModel.swift */,
			);
			name = ViewModels;
			sourceTree = "<group>";
		};
		1FA847791F4D47C9000E9B81 /* Entities */ = {
			isa = PBXGroup;
			children = (
				1FA847841F4D49F8000E9B81 /* Entities.swift */,
			);
			name = Entities;
			sourceTree = "<group>";
		};
		2E4DFE2C1F5D4A6A0067A760 /* ViewModelsTests */ = {
			isa = PBXGroup;
			children = (
				2E4DFE2F1F5D4B180067A760 /* HomePageViewModelTests.swift */,
			);
			name = ViewModelsTests;
			sourceTree = "<group>";
		};
		2EC77F671F256978003BAF20 /* Models */ = {
			isa = PBXGroup;
			children = (
				2EC77F681F2569A0003BAF20 /* Movie.swift */,
				03B219401F25E285009F7B41 /* MovieSession.swift */,
				03B219421F25E3D8009F7B41 /* Cinema.swift */,
				03B219441F25E4FF009F7B41 /* Ticket.swift */,
				1F3DC9AD1F34CDC1008C4313 /* CartItem.swift */,
				1F3DC9B11F34CFEE008C4313 /* Booking.swift */,
				1F3DC9B31F34D0F3008C4313 /* User.swift */,
				1F42609C1F405CB000457BC9 /* ContentRating.swift */,
				1FCDD9D11F47AFF900D352FB /* Seat.swift */,
			);
			name = Models;
			sourceTree = "<group>";
		};
		3149F635A7DAA9FEB51608E4 /* Pods */ = {
			isa = PBXGroup;
			children = (
				76D258026CAF5696918C0EBE /* Pods-cinego.debug.xcconfig */,
				54B0A8B25CE20D32205111E0 /* Pods-cinego.release.xcconfig */,
				690E78FBE6275A6B8F88D669 /* Pods-cinegoTests.debug.xcconfig */,
				A913027496429F35CCD02A38 /* Pods-cinegoTests.release.xcconfig */,
				1906583C76CB17AA49BEAF04 /* Pods-cinegoUITests.debug.xcconfig */,
				E4F36C2CFA2F1AF78002521A /* Pods-cinegoUITests.release.xcconfig */,
			);
			name = Pods;
			sourceTree = "<group>";
		};
		47EEC304A9B3B259455C5E05 /* Frameworks */ = {
			isa = PBXGroup;
			children = (
				F77CADE09D6FA82142B13D3F /* Pods_cinego.framework */,
				F4638585F6700EFE04AF5BA5 /* Pods_cinegoTests.framework */,
				18C07569C3D4052C260B39E8 /* Pods_cinegoUITests.framework */,
			);
			name = Frameworks;
			sourceTree = "<group>";
		};
		FD5CFCB31F73E6A700CA129C /* Services */ = {
			isa = PBXGroup;
			children = (
				FD5CFCB41F73E6D700CA129C /* MovieService.swift */,
				FD5CFCB61F73E70800CA129C /* CinemaService.swift */,
				FD5CFCB81F73F00F00CA129C /* MovieSessionService.swift */,
				FD86AAC21F75B5ED00ADDB7E /* BookingService.swift */,
				FD86AACA1F75B7F000ADDB7E /* TicketCalculationService.swift */,
				FD86AACC1F75BC4500ADDB7E /* UserService.swift */,
				FD86AAD41F75DC7200ADDB7E /* FirebaseService.swift */,
				FD86AAD61F75DC8600ADDB7E /* TMDBMovieService.swift */,
			);
			name = Services;
			sourceTree = "<group>";
		};
		FD829BE61F749FBD005B5BF0 /* ServicesTests */ = {
			isa = PBXGroup;
			children = (
				FD829BE71F749FF5005B5BF0 /* MovieSessionServiceTests.swift */,
				FD86AACE1F75C56000ADDB7E /* TicketCalculationServiceTests.swift */,
				FD86AAD01F75D15E00ADDB7E /* MovieServiceTests.swift */,
				FD86AAD21F75D17400ADDB7E /* CinemaServiceTests.swift */,
				FDC8C51A1F76A521007D08E2 /* UserServiceTests.swift */,
			);
			name = ServicesTests;
			sourceTree = "<group>";
		};
		FD829BE91F74A67A005B5BF0 /* ModelsTests */ = {
			isa = PBXGroup;
			children = (
				FD829BEA1F74A69E005B5BF0 /* MovieTests.swift */,
			);
			name = ModelsTests;
			sourceTree = "<group>";
		};
/* End PBXGroup section */

/* Begin PBXNativeTarget section */
		1F2CD8781F2495CC0034D472 /* cinego */ = {
			isa = PBXNativeTarget;
			buildConfigurationList = 1F2CD8A31F2495CC0034D472 /* Build configuration list for PBXNativeTarget "cinego" */;
			buildPhases = (
				B63A1D0E9B2ACF13ECDBB31D /* [CP] Check Pods Manifest.lock */,
				1F2CD8751F2495CC0034D472 /* Sources */,
				1F2CD8761F2495CC0034D472 /* Frameworks */,
				1F2CD8771F2495CC0034D472 /* Resources */,
				6943043C1D57FBCA75E47BE4 /* [CP] Embed Pods Frameworks */,
				EBEF04715A4B28E085462249 /* [CP] Copy Pods Resources */,
			);
			buildRules = (
			);
			dependencies = (
			);
			name = cinego;
			productName = cinego;
			productReference = 1F2CD8791F2495CC0034D472 /* cinego.app */;
			productType = "com.apple.product-type.application";
		};
		1F2CD88E1F2495CC0034D472 /* cinegoTests */ = {
			isa = PBXNativeTarget;
			buildConfigurationList = 1F2CD8A61F2495CC0034D472 /* Build configuration list for PBXNativeTarget "cinegoTests" */;
			buildPhases = (
				D8252AE823E7FFD1D1294B88 /* [CP] Check Pods Manifest.lock */,
				1F2CD88B1F2495CC0034D472 /* Sources */,
				1F2CD88C1F2495CC0034D472 /* Frameworks */,
				1F2CD88D1F2495CC0034D472 /* Resources */,
				4F62D33FEFB9C20DC561681D /* [CP] Embed Pods Frameworks */,
				9033BFFBD105CD1826D8C052 /* [CP] Copy Pods Resources */,
			);
			buildRules = (
			);
			dependencies = (
				1F2CD8911F2495CC0034D472 /* PBXTargetDependency */,
			);
			name = cinegoTests;
			productName = cinegoTests;
			productReference = 1F2CD88F1F2495CC0034D472 /* cinegoTests.xctest */;
			productType = "com.apple.product-type.bundle.unit-test";
		};
		1F2CD8991F2495CC0034D472 /* cinegoUITests */ = {
			isa = PBXNativeTarget;
			buildConfigurationList = 1F2CD8A91F2495CC0034D472 /* Build configuration list for PBXNativeTarget "cinegoUITests" */;
			buildPhases = (
				D70BFA597198E0A143730414 /* [CP] Check Pods Manifest.lock */,
				1F2CD8961F2495CC0034D472 /* Sources */,
				1F2CD8971F2495CC0034D472 /* Frameworks */,
				1F2CD8981F2495CC0034D472 /* Resources */,
				E0BA38527A884CD898A68237 /* [CP] Embed Pods Frameworks */,
				EC6847266BC2967D54038738 /* [CP] Copy Pods Resources */,
			);
			buildRules = (
			);
			dependencies = (
				1F2CD89C1F2495CC0034D472 /* PBXTargetDependency */,
			);
			name = cinegoUITests;
			productName = cinegoUITests;
			productReference = 1F2CD89A1F2495CC0034D472 /* cinegoUITests.xctest */;
			productType = "com.apple.product-type.bundle.ui-testing";
		};
/* End PBXNativeTarget section */

/* Begin PBXProject section */
		1F2CD8711F2495CC0034D472 /* Project object */ = {
			isa = PBXProject;
			attributes = {
				LastSwiftUpdateCheck = 0810;
				LastUpgradeCheck = 0830;
				ORGANIZATIONNAME = "ISE Superstars";
				TargetAttributes = {
					1F2CD8781F2495CC0034D472 = {
						CreatedOnToolsVersion = 8.1;
						LastSwiftMigration = 0820;
						ProvisioningStyle = Automatic;
					};
					1F2CD88E1F2495CC0034D472 = {
						CreatedOnToolsVersion = 8.1;
						ProvisioningStyle = Automatic;
						TestTargetID = 1F2CD8781F2495CC0034D472;
					};
					1F2CD8991F2495CC0034D472 = {
						CreatedOnToolsVersion = 8.1;
						ProvisioningStyle = Automatic;
						TestTargetID = 1F2CD8781F2495CC0034D472;
					};
				};
			};
			buildConfigurationList = 1F2CD8741F2495CC0034D472 /* Build configuration list for PBXProject "cinego" */;
			compatibilityVersion = "Xcode 3.2";
			developmentRegion = English;
			hasScannedForEncodings = 0;
			knownRegions = (
				en,
				Base,
			);
			mainGroup = 1F2CD8701F2495CC0034D472;
			productRefGroup = 1F2CD87A1F2495CC0034D472 /* Products */;
			projectDirPath = "";
			projectRoot = "";
			targets = (
				1F2CD8781F2495CC0034D472 /* cinego */,
				1F2CD88E1F2495CC0034D472 /* cinegoTests */,
				1F2CD8991F2495CC0034D472 /* cinegoUITests */,
			);
		};
/* End PBXProject section */

/* Begin PBXResourcesBuildPhase section */
		1F2CD8771F2495CC0034D472 /* Resources */ = {
			isa = PBXResourcesBuildPhase;
			buildActionMask = 2147483647;
			files = (
				1F055F601F503C4F004238F5 /* PriceBannerView.xib in Resources */,
				1F055F631F503D14004238F5 /* SeatingArrangementView.xib in Resources */,
				1F055F5D1F503B22004238F5 /* UserProfileView.xib in Resources */,
				1F055F5A1F503A5F004238F5 /* OrderSummaryView.xib in Resources */,
				1F055F661F503F00004238F5 /* OrderItemView.xib in Resources */,
				2E24224C1F73A07D00183835 /* GoogleService-Info.plist in Resources */,
				1F2CD8891F2495CC0034D472 /* LaunchScreen.storyboard in Resources */,
				0375A81B1F51081F00A32C95 /* SeatCell.xib in Resources */,
				1F055F571F5037F4004238F5 /* SessionDetailsView.xib in Resources */,
				1F2CD8861F2495CC0034D472 /* Assets.xcassets in Resources */,
				1F055F521F5034ED004238F5 /* MovieDetailsView.xib in Resources */,
				1F2CD8841F2495CC0034D472 /* Main.storyboard in Resources */,
			);
			runOnlyForDeploymentPostprocessing = 0;
		};
		1F2CD88D1F2495CC0034D472 /* Resources */ = {
			isa = PBXResourcesBuildPhase;
			buildActionMask = 2147483647;
			files = (
			);
			runOnlyForDeploymentPostprocessing = 0;
		};
		1F2CD8981F2495CC0034D472 /* Resources */ = {
			isa = PBXResourcesBuildPhase;
			buildActionMask = 2147483647;
			files = (
			);
			runOnlyForDeploymentPostprocessing = 0;
		};
/* End PBXResourcesBuildPhase section */

/* Begin PBXShellScriptBuildPhase section */
		4F62D33FEFB9C20DC561681D /* [CP] Embed Pods Frameworks */ = {
			isa = PBXShellScriptBuildPhase;
			buildActionMask = 2147483647;
			files = (
			);
			inputPaths = (
				"${SRCROOT}/Pods/Target Support Files/Pods-cinegoTests/Pods-cinegoTests-frameworks.sh",
				"${BUILT_PRODUCTS_DIR}/GoogleToolboxForMac-Defines-NSData+zlib/GoogleToolboxForMac.framework",
				"${BUILT_PRODUCTS_DIR}/nanopb/nanopb.framework",
			);
			name = "[CP] Embed Pods Frameworks";
			outputPaths = (
				"${TARGET_BUILD_DIR}/${FRAMEWORKS_FOLDER_PATH}/GoogleToolboxForMac.framework",
				"${TARGET_BUILD_DIR}/${FRAMEWORKS_FOLDER_PATH}/nanopb.framework",
			);
			runOnlyForDeploymentPostprocessing = 0;
			shellPath = /bin/sh;
			shellScript = "\"${SRCROOT}/Pods/Target Support Files/Pods-cinegoTests/Pods-cinegoTests-frameworks.sh\"\n";
			showEnvVarsInLog = 0;
		};
		6943043C1D57FBCA75E47BE4 /* [CP] Embed Pods Frameworks */ = {
			isa = PBXShellScriptBuildPhase;
			buildActionMask = 2147483647;
			files = (
			);
			inputPaths = (
				"${SRCROOT}/Pods/Target Support Files/Pods-cinego/Pods-cinego-frameworks.sh",
				"${BUILT_PRODUCTS_DIR}/Alamofire/Alamofire.framework",
				"${BUILT_PRODUCTS_DIR}/GTMSessionFetcher/GTMSessionFetcher.framework",
				"${BUILT_PRODUCTS_DIR}/GoogleToolboxForMac-f0850809/GoogleToolboxForMac.framework",
				"${BUILT_PRODUCTS_DIR}/HanekeSwift/Haneke.framework",
				"${BUILT_PRODUCTS_DIR}/PromiseKit/PromiseKit.framework",
				"${BUILT_PRODUCTS_DIR}/SwiftyJSON/SwiftyJSON.framework",
				"${BUILT_PRODUCTS_DIR}/Swinject/Swinject.framework",
				"${BUILT_PRODUCTS_DIR}/SwinjectStoryboard/SwinjectStoryboard.framework",
				"${BUILT_PRODUCTS_DIR}/leveldb-library/leveldb.framework",
				"${BUILT_PRODUCTS_DIR}/nanopb/nanopb.framework",
			);
			name = "[CP] Embed Pods Frameworks";
			outputPaths = (
				"${TARGET_BUILD_DIR}/${FRAMEWORKS_FOLDER_PATH}/Alamofire.framework",
				"${TARGET_BUILD_DIR}/${FRAMEWORKS_FOLDER_PATH}/GTMSessionFetcher.framework",
				"${TARGET_BUILD_DIR}/${FRAMEWORKS_FOLDER_PATH}/GoogleToolboxForMac.framework",
				"${TARGET_BUILD_DIR}/${FRAMEWORKS_FOLDER_PATH}/Haneke.framework",
				"${TARGET_BUILD_DIR}/${FRAMEWORKS_FOLDER_PATH}/PromiseKit.framework",
				"${TARGET_BUILD_DIR}/${FRAMEWORKS_FOLDER_PATH}/SwiftyJSON.framework",
				"${TARGET_BUILD_DIR}/${FRAMEWORKS_FOLDER_PATH}/Swinject.framework",
				"${TARGET_BUILD_DIR}/${FRAMEWORKS_FOLDER_PATH}/SwinjectStoryboard.framework",
				"${TARGET_BUILD_DIR}/${FRAMEWORKS_FOLDER_PATH}/leveldb.framework",
				"${TARGET_BUILD_DIR}/${FRAMEWORKS_FOLDER_PATH}/nanopb.framework",
			);
			runOnlyForDeploymentPostprocessing = 0;
			shellPath = /bin/sh;
			shellScript = "\"${SRCROOT}/Pods/Target Support Files/Pods-cinego/Pods-cinego-frameworks.sh\"\n";
			showEnvVarsInLog = 0;
		};
		9033BFFBD105CD1826D8C052 /* [CP] Copy Pods Resources */ = {
			isa = PBXShellScriptBuildPhase;
			buildActionMask = 2147483647;
			files = (
			);
			inputPaths = (
			);
			name = "[CP] Copy Pods Resources";
			outputPaths = (
			);
			runOnlyForDeploymentPostprocessing = 0;
			shellPath = /bin/sh;
			shellScript = "\"${SRCROOT}/Pods/Target Support Files/Pods-cinegoTests/Pods-cinegoTests-resources.sh\"\n";
			showEnvVarsInLog = 0;
		};
		B63A1D0E9B2ACF13ECDBB31D /* [CP] Check Pods Manifest.lock */ = {
			isa = PBXShellScriptBuildPhase;
			buildActionMask = 2147483647;
			files = (
			);
			inputPaths = (
				"${PODS_PODFILE_DIR_PATH}/Podfile.lock",
				"${PODS_ROOT}/Manifest.lock",
			);
			name = "[CP] Check Pods Manifest.lock";
			outputPaths = (
				"$(DERIVED_FILE_DIR)/Pods-cinego-checkManifestLockResult.txt",
			);
			runOnlyForDeploymentPostprocessing = 0;
			shellPath = /bin/sh;
			shellScript = "diff \"${PODS_PODFILE_DIR_PATH}/Podfile.lock\" \"${PODS_ROOT}/Manifest.lock\" > /dev/null\nif [ $? != 0 ] ; then\n    # print error to STDERR\n    echo \"error: The sandbox is not in sync with the Podfile.lock. Run 'pod install' or update your CocoaPods installation.\" >&2\n    exit 1\nfi\n# This output is used by Xcode 'outputs' to avoid re-running this script phase.\necho \"SUCCESS\" > \"${SCRIPT_OUTPUT_FILE_0}\"\n";
			showEnvVarsInLog = 0;
		};
		D70BFA597198E0A143730414 /* [CP] Check Pods Manifest.lock */ = {
			isa = PBXShellScriptBuildPhase;
			buildActionMask = 2147483647;
			files = (
			);
			inputPaths = (
				"${PODS_PODFILE_DIR_PATH}/Podfile.lock",
				"${PODS_ROOT}/Manifest.lock",
			);
			name = "[CP] Check Pods Manifest.lock";
			outputPaths = (
				"$(DERIVED_FILE_DIR)/Pods-cinegoUITests-checkManifestLockResult.txt",
			);
			runOnlyForDeploymentPostprocessing = 0;
			shellPath = /bin/sh;
			shellScript = "diff \"${PODS_PODFILE_DIR_PATH}/Podfile.lock\" \"${PODS_ROOT}/Manifest.lock\" > /dev/null\nif [ $? != 0 ] ; then\n    # print error to STDERR\n    echo \"error: The sandbox is not in sync with the Podfile.lock. Run 'pod install' or update your CocoaPods installation.\" >&2\n    exit 1\nfi\n# This output is used by Xcode 'outputs' to avoid re-running this script phase.\necho \"SUCCESS\" > \"${SCRIPT_OUTPUT_FILE_0}\"\n";
			showEnvVarsInLog = 0;
		};
		D8252AE823E7FFD1D1294B88 /* [CP] Check Pods Manifest.lock */ = {
			isa = PBXShellScriptBuildPhase;
			buildActionMask = 2147483647;
			files = (
			);
			inputPaths = (
				"${PODS_PODFILE_DIR_PATH}/Podfile.lock",
				"${PODS_ROOT}/Manifest.lock",
			);
			name = "[CP] Check Pods Manifest.lock";
			outputPaths = (
				"$(DERIVED_FILE_DIR)/Pods-cinegoTests-checkManifestLockResult.txt",
			);
			runOnlyForDeploymentPostprocessing = 0;
			shellPath = /bin/sh;
			shellScript = "diff \"${PODS_PODFILE_DIR_PATH}/Podfile.lock\" \"${PODS_ROOT}/Manifest.lock\" > /dev/null\nif [ $? != 0 ] ; then\n    # print error to STDERR\n    echo \"error: The sandbox is not in sync with the Podfile.lock. Run 'pod install' or update your CocoaPods installation.\" >&2\n    exit 1\nfi\n# This output is used by Xcode 'outputs' to avoid re-running this script phase.\necho \"SUCCESS\" > \"${SCRIPT_OUTPUT_FILE_0}\"\n";
			showEnvVarsInLog = 0;
		};
		E0BA38527A884CD898A68237 /* [CP] Embed Pods Frameworks */ = {
			isa = PBXShellScriptBuildPhase;
			buildActionMask = 2147483647;
			files = (
			);
			inputPaths = (
			);
			name = "[CP] Embed Pods Frameworks";
			outputPaths = (
			);
			runOnlyForDeploymentPostprocessing = 0;
			shellPath = /bin/sh;
			shellScript = "\"${SRCROOT}/Pods/Target Support Files/Pods-cinegoUITests/Pods-cinegoUITests-frameworks.sh\"\n";
			showEnvVarsInLog = 0;
		};
		EBEF04715A4B28E085462249 /* [CP] Copy Pods Resources */ = {
			isa = PBXShellScriptBuildPhase;
			buildActionMask = 2147483647;
			files = (
			);
			inputPaths = (
			);
			name = "[CP] Copy Pods Resources";
			outputPaths = (
			);
			runOnlyForDeploymentPostprocessing = 0;
			shellPath = /bin/sh;
			shellScript = "\"${SRCROOT}/Pods/Target Support Files/Pods-cinego/Pods-cinego-resources.sh\"\n";
			showEnvVarsInLog = 0;
		};
		EC6847266BC2967D54038738 /* [CP] Copy Pods Resources */ = {
			isa = PBXShellScriptBuildPhase;
			buildActionMask = 2147483647;
			files = (
			);
			inputPaths = (
			);
			name = "[CP] Copy Pods Resources";
			outputPaths = (
			);
			runOnlyForDeploymentPostprocessing = 0;
			shellPath = /bin/sh;
			shellScript = "\"${SRCROOT}/Pods/Target Support Files/Pods-cinegoUITests/Pods-cinegoUITests-resources.sh\"\n";
			showEnvVarsInLog = 0;
		};
/* End PBXShellScriptBuildPhase section */

/* Begin PBXSourcesBuildPhase section */
		1F2CD8751F2495CC0034D472 /* Sources */ = {
			isa = PBXSourcesBuildPhase;
			buildActionMask = 2147483647;
			files = (
				FD5CFCB71F73E70800CA129C /* CinemaService.swift in Sources */,
				FD86AAD51F75DC7200ADDB7E /* FirebaseService.swift in Sources */,
				03B219431F25E3D8009F7B41 /* Cinema.swift in Sources */,
				1FCDD9D61F47B36600D352FB /* SeatCollectionViewCell.swift in Sources */,
				1F055F721F50428C004238F5 /* OrderItemView.swift in Sources */,
				FDC8C5171F760A46007D08E2 /* SwinjectStoryboard+Setup.swift in Sources */,
				1FA847851F4D49F8000E9B81 /* Entities.swift in Sources */,
				FD86AAC51F75B66C00ADDB7E /* CheckoutViewModel.swift in Sources */,
				03D68A031F4E570500192877 /* RegisterVC.swift in Sources */,
				1F2CD87D1F2495CC0034D472 /* AppDelegate.swift in Sources */,
				FD86AAC31F75B5ED00ADDB7E /* BookingService.swift in Sources */,
				FDC8C5191F767ED0007D08E2 /* AuthViewModel.swift in Sources */,
				1F055F681F503F7F004238F5 /* SessionDetailsView.swift in Sources */,
				1F3DC9B41F34D0F3008C4313 /* User.swift in Sources */,
				03F0737F1F26C4DC00BD9713 /* HomeViewController.swift in Sources */,
				FD5CFCB91F73F00F00CA129C /* MovieSessionService.swift in Sources */,
				1F055F541F503505004238F5 /* MovieDetailsView.swift in Sources */,
				0375A81A1F51081F00A32C95 /* SeatCell.swift in Sources */,
				1F10EC7E1F35381C00283B8C /* MovieSessionDetailsVC.swift in Sources */,
				1F055F701F5041DA004238F5 /* SeatingArrangementView.swift in Sources */,
				1F3DC9B21F34CFEE008C4313 /* Booking.swift in Sources */,
				FD86AACD1F75BC4500ADDB7E /* UserService.swift in Sources */,
				1F5647031F2B1A5D004BB024 /* MovieDetailsViewController.swift in Sources */,
				03B219411F25E285009F7B41 /* MovieSession.swift in Sources */,
				1F635FB61F4708C0005A1135 /* SimpleIOCContainer.swift in Sources */,
				2EC77F691F2569A0003BAF20 /* Movie.swift in Sources */,
				FD5CFCB51F73E6D700CA129C /* MovieService.swift in Sources */,
				1F5707501F3EABBA00EDFCF6 /* CinemaRepository.swift in Sources */,
				1F055F6E1F50410E004238F5 /* PriceBannerView.swift in Sources */,
				1FCDD9D21F47AFF900D352FB /* Seat.swift in Sources */,
				1FF8E2BD1F4EDC8D00C6AA5C /* HomePageMovieSectionsTableViewCell.swift in Sources */,
				1F3DC9AE1F34CDC1008C4313 /* CartItem.swift in Sources */,
				FD86AACB1F75B7F000ADDB7E /* TicketCalculationService.swift in Sources */,
				1F055F6C1F5040AD004238F5 /* UserProfileView.swift in Sources */,
				2E356E5B1F37D7CD00188A18 /* AccountTableVC.swift in Sources */,
				FD0E8C461F778FC500F996E3 /* MovieSessionDetailsViewModel.swift in Sources */,
				1F56470B1F2B4003004BB024 /* ImageSlider.swift in Sources */,
				FD829BED1F75196B005B5BF0 /* MovieDetailsViewModel.swift in Sources */,
				1F4F8FE31F2C55BA0001895A /* MovieRepository.swift in Sources */,
				1F10EC821F35393500283B8C /* BookingSummaryVC.swift in Sources */,
				1F129BD51F2AE2BF00C6FFA7 /* MovieCollectionViewCell.swift in Sources */,
				03D68A011F4E56D100192877 /* LoginVC.swift in Sources */,
				1F10EC801F3538A700283B8C /* CheckoutVC.swift in Sources */,
				2E4DFE2B1F5D3CB50067A760 /* HomepageViewModel.swift in Sources */,
				FD0E8C3F1F77479F00F996E3 /* AccountViewModel.swift in Sources */,
				2EB1685C1F412A4F001CBFC0 /* MovieSessionRepository.swift in Sources */,
				1F42609D1F405CB000457BC9 /* ContentRating.swift in Sources */,
				1F055F6A1F504001004238F5 /* OrderSummaryView.swift in Sources */,
				FD86AAD71F75DC8600ADDB7E /* TMDBMovieService.swift in Sources */,
				03B219451F25E4FF009F7B41 /* Ticket.swift in Sources */,
			);
			runOnlyForDeploymentPostprocessing = 0;
		};
		1F2CD88B1F2495CC0034D472 /* Sources */ = {
			isa = PBXSourcesBuildPhase;
			buildActionMask = 2147483647;
			files = (
				2E4DFE301F5D4B180067A760 /* HomePageViewModelTests.swift in Sources */,
				1F2CD8941F2495CC0034D472 /* cinegoTests.swift in Sources */,
				FD86AAD31F75D17400ADDB7E /* CinemaServiceTests.swift in Sources */,
				FD86AAD11F75D15E00ADDB7E /* MovieServiceTests.swift in Sources */,
				FDC8C51B1F76A521007D08E2 /* UserServiceTests.swift in Sources */,
				FD86AACF1F75C56000ADDB7E /* TicketCalculationServiceTests.swift in Sources */,
				FD829BEB1F74A69E005B5BF0 /* MovieTests.swift in Sources */,
				FD829BE81F749FF5005B5BF0 /* MovieSessionServiceTests.swift in Sources */,
			);
			runOnlyForDeploymentPostprocessing = 0;
		};
		1F2CD8961F2495CC0034D472 /* Sources */ = {
			isa = PBXSourcesBuildPhase;
			buildActionMask = 2147483647;
			files = (
				1F2CD89F1F2495CC0034D472 /* cinegoUITests.swift in Sources */,
				2E985CAD1F4A4776004F2360 /* HomePageUITests.swift in Sources */,
			);
			runOnlyForDeploymentPostprocessing = 0;
		};
/* End PBXSourcesBuildPhase section */

/* Begin PBXTargetDependency section */
		1F2CD8911F2495CC0034D472 /* PBXTargetDependency */ = {
			isa = PBXTargetDependency;
			target = 1F2CD8781F2495CC0034D472 /* cinego */;
			targetProxy = 1F2CD8901F2495CC0034D472 /* PBXContainerItemProxy */;
		};
		1F2CD89C1F2495CC0034D472 /* PBXTargetDependency */ = {
			isa = PBXTargetDependency;
			target = 1F2CD8781F2495CC0034D472 /* cinego */;
			targetProxy = 1F2CD89B1F2495CC0034D472 /* PBXContainerItemProxy */;
		};
/* End PBXTargetDependency section */

/* Begin PBXVariantGroup section */
		1F2CD8821F2495CC0034D472 /* Main.storyboard */ = {
			isa = PBXVariantGroup;
			children = (
				1F2CD8831F2495CC0034D472 /* Base */,
			);
			name = Main.storyboard;
			sourceTree = "<group>";
		};
		1F2CD8871F2495CC0034D472 /* LaunchScreen.storyboard */ = {
			isa = PBXVariantGroup;
			children = (
				1F2CD8881F2495CC0034D472 /* Base */,
			);
			name = LaunchScreen.storyboard;
			sourceTree = "<group>";
		};
/* End PBXVariantGroup section */

/* Begin XCBuildConfiguration section */
		1F2CD8A11F2495CC0034D472 /* Debug */ = {
			isa = XCBuildConfiguration;
			buildSettings = {
				ALWAYS_SEARCH_USER_PATHS = NO;
				CLANG_ANALYZER_NONNULL = YES;
				CLANG_CXX_LANGUAGE_STANDARD = "gnu++0x";
				CLANG_CXX_LIBRARY = "libc++";
				CLANG_ENABLE_MODULES = YES;
				CLANG_ENABLE_OBJC_ARC = YES;
				CLANG_WARN_BOOL_CONVERSION = YES;
				CLANG_WARN_CONSTANT_CONVERSION = YES;
				CLANG_WARN_DIRECT_OBJC_ISA_USAGE = YES_ERROR;
				CLANG_WARN_DOCUMENTATION_COMMENTS = YES;
				CLANG_WARN_EMPTY_BODY = YES;
				CLANG_WARN_ENUM_CONVERSION = YES;
				CLANG_WARN_INFINITE_RECURSION = YES;
				CLANG_WARN_INT_CONVERSION = YES;
				CLANG_WARN_OBJC_ROOT_CLASS = YES_ERROR;
				CLANG_WARN_SUSPICIOUS_MOVE = YES;
				CLANG_WARN_SUSPICIOUS_MOVES = YES;
				CLANG_WARN_UNREACHABLE_CODE = YES;
				CLANG_WARN__DUPLICATE_METHOD_MATCH = YES;
				"CODE_SIGN_IDENTITY[sdk=iphoneos*]" = "iPhone Developer";
				COPY_PHASE_STRIP = NO;
				DEBUG_INFORMATION_FORMAT = dwarf;
				ENABLE_STRICT_OBJC_MSGSEND = YES;
				ENABLE_TESTABILITY = YES;
				GCC_C_LANGUAGE_STANDARD = gnu99;
				GCC_DYNAMIC_NO_PIC = NO;
				GCC_NO_COMMON_BLOCKS = YES;
				GCC_OPTIMIZATION_LEVEL = 0;
				GCC_PREPROCESSOR_DEFINITIONS = (
					"DEBUG=1",
					"$(inherited)",
				);
				GCC_WARN_64_TO_32_BIT_CONVERSION = YES;
				GCC_WARN_ABOUT_RETURN_TYPE = YES_ERROR;
				GCC_WARN_UNDECLARED_SELECTOR = YES;
				GCC_WARN_UNINITIALIZED_AUTOS = YES_AGGRESSIVE;
				GCC_WARN_UNUSED_FUNCTION = YES;
				GCC_WARN_UNUSED_VARIABLE = YES;
				IPHONEOS_DEPLOYMENT_TARGET = 10.1;
				MTL_ENABLE_DEBUG_INFO = YES;
				ONLY_ACTIVE_ARCH = YES;
				SDKROOT = iphoneos;
				SWIFT_ACTIVE_COMPILATION_CONDITIONS = DEBUG;
				SWIFT_OPTIMIZATION_LEVEL = "-Onone";
			};
			name = Debug;
		};
		1F2CD8A21F2495CC0034D472 /* Release */ = {
			isa = XCBuildConfiguration;
			buildSettings = {
				ALWAYS_SEARCH_USER_PATHS = NO;
				CLANG_ANALYZER_NONNULL = YES;
				CLANG_CXX_LANGUAGE_STANDARD = "gnu++0x";
				CLANG_CXX_LIBRARY = "libc++";
				CLANG_ENABLE_MODULES = YES;
				CLANG_ENABLE_OBJC_ARC = YES;
				CLANG_WARN_BOOL_CONVERSION = YES;
				CLANG_WARN_CONSTANT_CONVERSION = YES;
				CLANG_WARN_DIRECT_OBJC_ISA_USAGE = YES_ERROR;
				CLANG_WARN_DOCUMENTATION_COMMENTS = YES;
				CLANG_WARN_EMPTY_BODY = YES;
				CLANG_WARN_ENUM_CONVERSION = YES;
				CLANG_WARN_INFINITE_RECURSION = YES;
				CLANG_WARN_INT_CONVERSION = YES;
				CLANG_WARN_OBJC_ROOT_CLASS = YES_ERROR;
				CLANG_WARN_SUSPICIOUS_MOVE = YES;
				CLANG_WARN_SUSPICIOUS_MOVES = YES;
				CLANG_WARN_UNREACHABLE_CODE = YES;
				CLANG_WARN__DUPLICATE_METHOD_MATCH = YES;
				"CODE_SIGN_IDENTITY[sdk=iphoneos*]" = "iPhone Developer";
				COPY_PHASE_STRIP = NO;
				DEBUG_INFORMATION_FORMAT = "dwarf-with-dsym";
				ENABLE_NS_ASSERTIONS = NO;
				ENABLE_STRICT_OBJC_MSGSEND = YES;
				GCC_C_LANGUAGE_STANDARD = gnu99;
				GCC_NO_COMMON_BLOCKS = YES;
				GCC_WARN_64_TO_32_BIT_CONVERSION = YES;
				GCC_WARN_ABOUT_RETURN_TYPE = YES_ERROR;
				GCC_WARN_UNDECLARED_SELECTOR = YES;
				GCC_WARN_UNINITIALIZED_AUTOS = YES_AGGRESSIVE;
				GCC_WARN_UNUSED_FUNCTION = YES;
				GCC_WARN_UNUSED_VARIABLE = YES;
				IPHONEOS_DEPLOYMENT_TARGET = 10.1;
				MTL_ENABLE_DEBUG_INFO = NO;
				SDKROOT = iphoneos;
				SWIFT_OPTIMIZATION_LEVEL = "-Owholemodule";
				VALIDATE_PRODUCT = YES;
			};
			name = Release;
		};
		1F2CD8A41F2495CC0034D472 /* Debug */ = {
			isa = XCBuildConfiguration;
			baseConfigurationReference = 76D258026CAF5696918C0EBE /* Pods-cinego.debug.xcconfig */;
			buildSettings = {
				ASSETCATALOG_COMPILER_APPICON_NAME = AppIcon;
				CLANG_ENABLE_MODULES = YES;
				INFOPLIST_FILE = cinego/Info.plist;
				LD_RUNPATH_SEARCH_PATHS = "$(inherited) @executable_path/Frameworks";
				PRODUCT_BUNDLE_IDENTIFIER = com.isesuperstars.cinego;
				PRODUCT_NAME = "$(TARGET_NAME)";
				SWIFT_OBJC_BRIDGING_HEADER = "cinego/cinego-Bridging-Header.h";
				SWIFT_OPTIMIZATION_LEVEL = "-Onone";
				SWIFT_VERSION = 3.0;
			};
			name = Debug;
		};
		1F2CD8A51F2495CC0034D472 /* Release */ = {
			isa = XCBuildConfiguration;
			baseConfigurationReference = 54B0A8B25CE20D32205111E0 /* Pods-cinego.release.xcconfig */;
			buildSettings = {
				ASSETCATALOG_COMPILER_APPICON_NAME = AppIcon;
				CLANG_ENABLE_MODULES = YES;
				INFOPLIST_FILE = cinego/Info.plist;
				LD_RUNPATH_SEARCH_PATHS = "$(inherited) @executable_path/Frameworks";
				PRODUCT_BUNDLE_IDENTIFIER = com.isesuperstars.cinego;
				PRODUCT_NAME = "$(TARGET_NAME)";
				SWIFT_OBJC_BRIDGING_HEADER = "cinego/cinego-Bridging-Header.h";
				SWIFT_VERSION = 3.0;
			};
			name = Release;
		};
		1F2CD8A71F2495CC0034D472 /* Debug */ = {
			isa = XCBuildConfiguration;
			baseConfigurationReference = 690E78FBE6275A6B8F88D669 /* Pods-cinegoTests.debug.xcconfig */;
			buildSettings = {
				ALWAYS_EMBED_SWIFT_STANDARD_LIBRARIES = YES;
				BUNDLE_LOADER = "$(TEST_HOST)";
				INFOPLIST_FILE = cinegoTests/Info.plist;
				LD_RUNPATH_SEARCH_PATHS = "$(inherited) @executable_path/Frameworks @loader_path/Frameworks";
				PRODUCT_BUNDLE_IDENTIFIER = com.isesuperstars.cinegoTests;
				PRODUCT_NAME = "$(TARGET_NAME)";
				SWIFT_VERSION = 3.0;
				TEST_HOST = "$(BUILT_PRODUCTS_DIR)/cinego.app/cinego";
			};
			name = Debug;
		};
		1F2CD8A81F2495CC0034D472 /* Release */ = {
			isa = XCBuildConfiguration;
			baseConfigurationReference = A913027496429F35CCD02A38 /* Pods-cinegoTests.release.xcconfig */;
			buildSettings = {
				ALWAYS_EMBED_SWIFT_STANDARD_LIBRARIES = YES;
				BUNDLE_LOADER = "$(TEST_HOST)";
				INFOPLIST_FILE = cinegoTests/Info.plist;
				LD_RUNPATH_SEARCH_PATHS = "$(inherited) @executable_path/Frameworks @loader_path/Frameworks";
				PRODUCT_BUNDLE_IDENTIFIER = com.isesuperstars.cinegoTests;
				PRODUCT_NAME = "$(TARGET_NAME)";
				SWIFT_VERSION = 3.0;
				TEST_HOST = "$(BUILT_PRODUCTS_DIR)/cinego.app/cinego";
			};
			name = Release;
		};
		1F2CD8AA1F2495CC0034D472 /* Debug */ = {
			isa = XCBuildConfiguration;
			baseConfigurationReference = 1906583C76CB17AA49BEAF04 /* Pods-cinegoUITests.debug.xcconfig */;
			buildSettings = {
				ALWAYS_EMBED_SWIFT_STANDARD_LIBRARIES = YES;
				INFOPLIST_FILE = cinegoUITests/Info.plist;
				LD_RUNPATH_SEARCH_PATHS = "$(inherited) @executable_path/Frameworks @loader_path/Frameworks";
				PRODUCT_BUNDLE_IDENTIFIER = com.isesuperstars.cinegoUITests;
				PRODUCT_NAME = "$(TARGET_NAME)";
				SWIFT_VERSION = 3.0;
				TEST_TARGET_NAME = cinego;
			};
			name = Debug;
		};
		1F2CD8AB1F2495CC0034D472 /* Release */ = {
			isa = XCBuildConfiguration;
			baseConfigurationReference = E4F36C2CFA2F1AF78002521A /* Pods-cinegoUITests.release.xcconfig */;
			buildSettings = {
				ALWAYS_EMBED_SWIFT_STANDARD_LIBRARIES = YES;
				INFOPLIST_FILE = cinegoUITests/Info.plist;
				LD_RUNPATH_SEARCH_PATHS = "$(inherited) @executable_path/Frameworks @loader_path/Frameworks";
				PRODUCT_BUNDLE_IDENTIFIER = com.isesuperstars.cinegoUITests;
				PRODUCT_NAME = "$(TARGET_NAME)";
				SWIFT_VERSION = 3.0;
				TEST_TARGET_NAME = cinego;
			};
			name = Release;
		};
/* End XCBuildConfiguration section */

/* Begin XCConfigurationList section */
		1F2CD8741F2495CC0034D472 /* Build configuration list for PBXProject "cinego" */ = {
			isa = XCConfigurationList;
			buildConfigurations = (
				1F2CD8A11F2495CC0034D472 /* Debug */,
				1F2CD8A21F2495CC0034D472 /* Release */,
			);
			defaultConfigurationIsVisible = 0;
			defaultConfigurationName = Release;
		};
		1F2CD8A31F2495CC0034D472 /* Build configuration list for PBXNativeTarget "cinego" */ = {
			isa = XCConfigurationList;
			buildConfigurations = (
				1F2CD8A41F2495CC0034D472 /* Debug */,
				1F2CD8A51F2495CC0034D472 /* Release */,
			);
			defaultConfigurationIsVisible = 0;
			defaultConfigurationName = Release;
		};
		1F2CD8A61F2495CC0034D472 /* Build configuration list for PBXNativeTarget "cinegoTests" */ = {
			isa = XCConfigurationList;
			buildConfigurations = (
				1F2CD8A71F2495CC0034D472 /* Debug */,
				1F2CD8A81F2495CC0034D472 /* Release */,
			);
			defaultConfigurationIsVisible = 0;
			defaultConfigurationName = Release;
		};
		1F2CD8A91F2495CC0034D472 /* Build configuration list for PBXNativeTarget "cinegoUITests" */ = {
			isa = XCConfigurationList;
			buildConfigurations = (
				1F2CD8AA1F2495CC0034D472 /* Debug */,
				1F2CD8AB1F2495CC0034D472 /* Release */,
			);
			defaultConfigurationIsVisible = 0;
			defaultConfigurationName = Release;
		};
/* End XCConfigurationList section */
	};
	rootObject = 1F2CD8711F2495CC0034D472 /* Project object */;
}
